PODS:
  - AudioKit (4.9.4):
    - AudioKit/Core (= 4.9.4)
    - AudioKit/UI (= 4.9.4)
  - AudioKit/Core (4.9.4)
  - AudioKit/UI (4.9.4):
    - AudioKit/Core
  - NVActivityIndicatorView (4.8.0):
    - NVActivityIndicatorView/Presenter (= 4.8.0)
  - NVActivityIndicatorView/Presenter (4.8.0)
  - SnapKit (5.0.1)
  - SwiftySound (1.2.0)
  - WARangeSlider (1.1.1)

DEPENDENCIES:
  - AudioKit (~> 4.0)
  - NVActivityIndicatorView
  - SnapKit (~> 5.0.0)
  - SwiftySound
  - WARangeSlider

SPEC REPOS:
  trunk:
    - AudioKit
    - NVActivityIndicatorView
    - SnapKit
    - SwiftySound
    - WARangeSlider

SPEC CHECKSUMS:
  AudioKit: 2ad2c0c546f53134967e4a381dfd8691b7674093
  NVActivityIndicatorView: d24b7ebcf80af5dcd994adb650e2b6c93379270f
  SnapKit: 97b92857e3df3a0c71833cce143274bf6ef8e5eb
  SwiftySound: 9eb28bb14edb601b40027e44319e0ef8383f88bf
  WARangeSlider: 54b3e0853b8d16c444fd539005901aecee86837d

PODFILE CHECKSUM: 9e1fef7b5ada98de2a43d3641afe3478d97db168

COCOAPODS: 1.9.1
