PODS:
  - AudioKit (4.9.4):
    - AudioKit/Core (= 4.9.4)
    - AudioKit/UI (= 4.9.4)
  - AudioKit/Core (4.9.4)
  - AudioKit/UI (4.9.4):
    - AudioKit/Core
  - AudioPlayerSwift (2.0.0)
  - AvailableHapticFeedback (1.0.2)
  - MultiSlider (1.10.8):
    - AvailableHapticFeedback
    - SweeterSwift
  - NVActivityIndicatorView (4.8.0):
    - NVActivityIndicatorView/Presenter (= 4.8.0)
  - NVActivityIndicatorView/Presenter (4.8.0)
  - SnapKit (5.0.1)
  - SoundWave (0.1.4)
  - SweeterSwift (1.1.3)
  - SwiftySound (1.2.0)

DEPENDENCIES:
  - AudioKit
  - AudioPlayerSwift
  - MultiSlider
  - NVActivityIndicatorView
  - SnapKit (~> 5.0.0)
  - SoundWave
  - SwiftySound

SPEC REPOS:
  trunk:
    - AudioKit
    - AudioPlayerSwift
    - AvailableHapticFeedback
    - MultiSlider
    - NVActivityIndicatorView
    - SnapKit
    - SoundWave
    - SweeterSwift
    - SwiftySound

SPEC CHECKSUMS:
  AudioKit: 2ad2c0c546f53134967e4a381dfd8691b7674093
  AudioPlayerSwift: 26d1c95f177f5bd195be482a41538d7ab8d04dd9
  AvailableHapticFeedback: 9b21b9f6d3e4566015988b5de35b40abefe6c09a
  MultiSlider: a4fdcb3fb058a0af95720570b44d8683da5312c8
  NVActivityIndicatorView: d24b7ebcf80af5dcd994adb650e2b6c93379270f
  SnapKit: 97b92857e3df3a0c71833cce143274bf6ef8e5eb
  SoundWave: d98ffaa863570b29d991da32a09b7ce1b4aaf2d4
  SweeterSwift: d909211f6833405628c8c7c6bf9f8f2e8a0e9df9
  SwiftySound: 9eb28bb14edb601b40027e44319e0ef8383f88bf

PODFILE CHECKSUM: 02070decf8223851468523d043c8de4106e0b715

COCOAPODS: 1.9.1
