// !$*UTF8*$!
{
	archiveVersion = 1;
	classes = {
	};
	objectVersion = 51;
	objects = {

/* Begin PBXBuildFile section */
		294A805F24281D51007BE86A /* SoundsController.swift in Sources */ = {isa = PBXBuildFile; fileRef = 294A805E24281D51007BE86A /* SoundsController.swift */; };
		2975A379242AAE1E00F5FE4F /* MoreController.swift in Sources */ = {isa = PBXBuildFile; fileRef = 2975A378242AAE1E00F5FE4F /* MoreController.swift */; };
		2975A37B242AAF2A00F5FE4F /* SoundTableCellView.swift in Sources */ = {isa = PBXBuildFile; fileRef = 2975A37A242AAF2A00F5FE4F /* SoundTableCellView.swift */; };
		29ACB77E244BC5CF00A0E352 /* VolumeManager.swift in Sources */ = {isa = PBXBuildFile; fileRef = 29ACB77D244BC5CF00A0E352 /* VolumeManager.swift */; };
		29CC7F31244A571B0032EC52 /* Constants.swift in Sources */ = {isa = PBXBuildFile; fileRef = 29CC7F30244A571B0032EC52 /* Constants.swift */; };
		29FCBE89244267040062253F /* SBKit.h in Headers */ = {isa = PBXBuildFile; fileRef = 29FCBE87244267040062253F /* SBKit.h */; settings = {ATTRIBUTES = (Public, ); }; };
		29FCBE8C244267040062253F /* SBKit.framework in Frameworks */ = {isa = PBXBuildFile; fileRef = 29FCBE85244267040062253F /* SBKit.framework */; };
		29FCBE8D244267040062253F /* SBKit.framework in Embed Frameworks */ = {isa = PBXBuildFile; fileRef = 29FCBE85244267040062253F /* SBKit.framework */; settings = {ATTRIBUTES = (CodeSignOnCopy, RemoveHeadersOnCopy, ); }; };
		29FCBE93244267E40062253F /* AudioPlayer.swift in Sources */ = {isa = PBXBuildFile; fileRef = 29FCBE92244267E40062253F /* AudioPlayer.swift */; };
		29FCBE97244268670062253F /* SoundsFilesManger.swift in Sources */ = {isa = PBXBuildFile; fileRef = 29FCBE96244268670062253F /* SoundsFilesManger.swift */; };
		29FCBE9A24426ABD0062253F /* SoundCollectionCellView.swift in Sources */ = {isa = PBXBuildFile; fileRef = 29FCBE9924426ABD0062253F /* SoundCollectionCellView.swift */; };
		29FCBE9C24426B740062253F /* SoundsBoard.xcdatamodeld in Sources */ = {isa = PBXBuildFile; fileRef = FC736A4B241189EB00D6966B /* SoundsBoard.xcdatamodeld */; };
		29FCBE9E24426C390062253F /* CoreDateManager.swift in Sources */ = {isa = PBXBuildFile; fileRef = 29FCBE9D24426C390062253F /* CoreDateManager.swift */; };
		29FCBEA5244275130062253F /* NotificationCenter.framework in Frameworks */ = {isa = PBXBuildFile; fileRef = 29FCBEA4244275130062253F /* NotificationCenter.framework */; };
		29FCBEA8244275130062253F /* TodayViewController.swift in Sources */ = {isa = PBXBuildFile; fileRef = 29FCBEA7244275130062253F /* TodayViewController.swift */; };
		29FCBEAB244275130062253F /* MainInterface.storyboard in Resources */ = {isa = PBXBuildFile; fileRef = 29FCBEA9244275130062253F /* MainInterface.storyboard */; };
		29FCBEAF244275130062253F /* SBWidget.appex in Embed App Extensions */ = {isa = PBXBuildFile; fileRef = 29FCBEA3244275130062253F /* SBWidget.appex */; settings = {ATTRIBUTES = (RemoveHeadersOnCopy, ); }; };
		29FCBEB52442754F0062253F /* SBKit.framework in Frameworks */ = {isa = PBXBuildFile; fileRef = 29FCBE85244267040062253F /* SBKit.framework */; };
		29FCBEB6244278920062253F /* SoundTableCellView.swift in Sources */ = {isa = PBXBuildFile; fileRef = 2975A37A242AAF2A00F5FE4F /* SoundTableCellView.swift */; };
		47E67CBE910BC05E6FF3B28E /* Pods_SBKit.framework in Frameworks */ = {isa = PBXBuildFile; fileRef = DE300823239CAAA720D25730 /* Pods_SBKit.framework */; };
		4E6A69590039961671258B8D /* Pods_SBShare.framework in Frameworks */ = {isa = PBXBuildFile; fileRef = A97DAFC7C81338CE69EE009C /* Pods_SBShare.framework */; };
		7C1CC2F019AAA108AA951643 /* Pods_SBWidget.framework in Frameworks */ = {isa = PBXBuildFile; fileRef = 751A441148BADCA55FEE0059 /* Pods_SBWidget.framework */; };
		FC00950C245EBA1D00D41E59 /* AlertsManager.swift in Sources */ = {isa = PBXBuildFile; fileRef = FC00950B245EBA1D00D41E59 /* AlertsManager.swift */; };
		FC00950F245ECE7200D41E59 /* AddEditSoundControllerBase.swift in Sources */ = {isa = PBXBuildFile; fileRef = FC00950E245ECE7200D41E59 /* AddEditSoundControllerBase.swift */; };
		FC009511245ED35300D41E59 /* AddEditSoundController.swift in Sources */ = {isa = PBXBuildFile; fileRef = FC009510245ED35300D41E59 /* AddEditSoundController.swift */; };
		FC009513245ED4F400D41E59 /* SiriExtension.swift in Sources */ = {isa = PBXBuildFile; fileRef = FC009512245ED4F400D41E59 /* SiriExtension.swift */; };
		FC0F1CE5245F06DD006967E3 /* Assets.xcassets in Resources */ = {isa = PBXBuildFile; fileRef = FC736A4E241189ED00D6966B /* Assets.xcassets */; };
		FC1C8D54245C286100B73597 /* MainInterface.storyboard in Resources */ = {isa = PBXBuildFile; fileRef = FC1C8D52245C286100B73597 /* MainInterface.storyboard */; };
		FC1C8D58245C286100B73597 /* SBShare.appex in Embed App Extensions */ = {isa = PBXBuildFile; fileRef = FC1C8D4E245C286100B73597 /* SBShare.appex */; settings = {ATTRIBUTES = (RemoveHeadersOnCopy, ); }; };
		FC1C8D5D245C73E100B73597 /* SBKit.framework in Frameworks */ = {isa = PBXBuildFile; fileRef = 29FCBE85244267040062253F /* SBKit.framework */; };
		FC362FA024183F6D007E43E4 /* LongPressRecordButton.swift in Sources */ = {isa = PBXBuildFile; fileRef = FC362F9F24183F6D007E43E4 /* LongPressRecordButton.swift */; };
		FC362FA22418F103007E43E4 /* cat.wav in Resources */ = {isa = PBXBuildFile; fileRef = FC362FA12418F102007E43E4 /* cat.wav */; };
		FC362FC3241D64BA007E43E4 /* Pods_SoundsBoard.framework in Frameworks */ = {isa = PBXBuildFile; fileRef = F93A84CC7636966B24F20C14 /* Pods_SoundsBoard.framework */; };
		FC362FC4241D64BA007E43E4 /* Pods_SoundsBoard.framework in Embed Frameworks */ = {isa = PBXBuildFile; fileRef = F93A84CC7636966B24F20C14 /* Pods_SoundsBoard.framework */; settings = {ATTRIBUTES = (CodeSignOnCopy, RemoveHeadersOnCopy, ); }; };
		FC499A99245F17A2002F7CED /* ShareViewController.swift in Sources */ = {isa = PBXBuildFile; fileRef = FC499A98245F17A2002F7CED /* ShareViewController.swift */; };
		FC736A43241189EB00D6966B /* AppDelegate.swift in Sources */ = {isa = PBXBuildFile; fileRef = FC736A42241189EB00D6966B /* AppDelegate.swift */; };
		FC736A45241189EB00D6966B /* SceneDelegate.swift in Sources */ = {isa = PBXBuildFile; fileRef = FC736A44241189EB00D6966B /* SceneDelegate.swift */; };
		FC736A47241189EB00D6966B /* HomeController.swift in Sources */ = {isa = PBXBuildFile; fileRef = FC736A46241189EB00D6966B /* HomeController.swift */; };
		FC736A4A241189EB00D6966B /* Main.storyboard in Resources */ = {isa = PBXBuildFile; fileRef = FC736A48241189EB00D6966B /* Main.storyboard */; };
		FC736A4F241189ED00D6966B /* Assets.xcassets in Resources */ = {isa = PBXBuildFile; fileRef = FC736A4E241189ED00D6966B /* Assets.xcassets */; };
		FC736A52241189ED00D6966B /* LaunchScreen.storyboard in Resources */ = {isa = PBXBuildFile; fileRef = FC736A50241189ED00D6966B /* LaunchScreen.storyboard */; };
		FCC59E1624216F9800B38213 /* AudioRecorderController.swift in Sources */ = {isa = PBXBuildFile; fileRef = FCC59E1524216F9800B38213 /* AudioRecorderController.swift */; };
/* End PBXBuildFile section */

/* Begin PBXContainerItemProxy section */
		29FCBE8A244267040062253F /* PBXContainerItemProxy */ = {
			isa = PBXContainerItemProxy;
			containerPortal = FC736A37241189EB00D6966B /* Project object */;
			proxyType = 1;
			remoteGlobalIDString = 29FCBE84244267040062253F;
			remoteInfo = SBKit;
		};
		29FCBEAD244275130062253F /* PBXContainerItemProxy */ = {
			isa = PBXContainerItemProxy;
			containerPortal = FC736A37241189EB00D6966B /* Project object */;
			proxyType = 1;
			remoteGlobalIDString = 29FCBEA2244275130062253F;
			remoteInfo = SBWidget;
		};
		29FCBEB32442752A0062253F /* PBXContainerItemProxy */ = {
			isa = PBXContainerItemProxy;
			containerPortal = FC736A37241189EB00D6966B /* Project object */;
			proxyType = 1;
			remoteGlobalIDString = 29FCBE84244267040062253F;
			remoteInfo = SBKit;
		};
		FC1C8D56245C286100B73597 /* PBXContainerItemProxy */ = {
			isa = PBXContainerItemProxy;
			containerPortal = FC736A37241189EB00D6966B /* Project object */;
			proxyType = 1;
			remoteGlobalIDString = FC1C8D4D245C286100B73597;
			remoteInfo = SBShare;
		};
		FC1C8D5F245C73E100B73597 /* PBXContainerItemProxy */ = {
			isa = PBXContainerItemProxy;
			containerPortal = FC736A37241189EB00D6966B /* Project object */;
			proxyType = 1;
			remoteGlobalIDString = 29FCBE84244267040062253F;
			remoteInfo = SBKit;
		};
/* End PBXContainerItemProxy section */

/* Begin PBXCopyFilesBuildPhase section */
		FC362FBD241D5A4B007E43E4 /* Embed App Extensions */ = {
			isa = PBXCopyFilesBuildPhase;
			buildActionMask = 2147483647;
			dstPath = "";
			dstSubfolderSpec = 13;
			files = (
				29FCBEAF244275130062253F /* SBWidget.appex in Embed App Extensions */,
				FC1C8D58245C286100B73597 /* SBShare.appex in Embed App Extensions */,
			);
			name = "Embed App Extensions";
			runOnlyForDeploymentPostprocessing = 0;
		};
		FC362FC5241D64BA007E43E4 /* Embed Frameworks */ = {
			isa = PBXCopyFilesBuildPhase;
			buildActionMask = 2147483647;
			dstPath = "";
			dstSubfolderSpec = 10;
			files = (
				29FCBE8D244267040062253F /* SBKit.framework in Embed Frameworks */,
				FC362FC4241D64BA007E43E4 /* Pods_SoundsBoard.framework in Embed Frameworks */,
			);
			name = "Embed Frameworks";
			runOnlyForDeploymentPostprocessing = 0;
		};
/* End PBXCopyFilesBuildPhase section */

/* Begin PBXFileReference section */
		0C71274C204D32AF8F79B508 /* Pods-SBShare.debug.xcconfig */ = {isa = PBXFileReference; includeInIndex = 1; lastKnownFileType = text.xcconfig; name = "Pods-SBShare.debug.xcconfig"; path = "Target Support Files/Pods-SBShare/Pods-SBShare.debug.xcconfig"; sourceTree = "<group>"; };
		1073CEF685BAA46FD5A0F904 /* Pods-SBKit.release.xcconfig */ = {isa = PBXFileReference; includeInIndex = 1; lastKnownFileType = text.xcconfig; name = "Pods-SBKit.release.xcconfig"; path = "Target Support Files/Pods-SBKit/Pods-SBKit.release.xcconfig"; sourceTree = "<group>"; };
		294A805E24281D51007BE86A /* SoundsController.swift */ = {isa = PBXFileReference; lastKnownFileType = sourcecode.swift; path = SoundsController.swift; sourceTree = "<group>"; };
		2975A378242AAE1E00F5FE4F /* MoreController.swift */ = {isa = PBXFileReference; lastKnownFileType = sourcecode.swift; path = MoreController.swift; sourceTree = "<group>"; };
		2975A37A242AAF2A00F5FE4F /* SoundTableCellView.swift */ = {isa = PBXFileReference; lastKnownFileType = sourcecode.swift; path = SoundTableCellView.swift; sourceTree = "<group>"; };
		29ACB77D244BC5CF00A0E352 /* VolumeManager.swift */ = {isa = PBXFileReference; lastKnownFileType = sourcecode.swift; path = VolumeManager.swift; sourceTree = "<group>"; };
		29CC7F30244A571B0032EC52 /* Constants.swift */ = {isa = PBXFileReference; lastKnownFileType = sourcecode.swift; path = Constants.swift; sourceTree = "<group>"; };
		29FCBE85244267040062253F /* SBKit.framework */ = {isa = PBXFileReference; explicitFileType = wrapper.framework; includeInIndex = 0; path = SBKit.framework; sourceTree = BUILT_PRODUCTS_DIR; };
		29FCBE87244267040062253F /* SBKit.h */ = {isa = PBXFileReference; lastKnownFileType = sourcecode.c.h; path = SBKit.h; sourceTree = "<group>"; };
		29FCBE88244267040062253F /* Info.plist */ = {isa = PBXFileReference; lastKnownFileType = text.plist.xml; path = Info.plist; sourceTree = "<group>"; };
		29FCBE92244267E40062253F /* AudioPlayer.swift */ = {isa = PBXFileReference; lastKnownFileType = sourcecode.swift; path = AudioPlayer.swift; sourceTree = "<group>"; };
		29FCBE96244268670062253F /* SoundsFilesManger.swift */ = {isa = PBXFileReference; lastKnownFileType = sourcecode.swift; path = SoundsFilesManger.swift; sourceTree = "<group>"; };
		29FCBE9924426ABD0062253F /* SoundCollectionCellView.swift */ = {isa = PBXFileReference; lastKnownFileType = sourcecode.swift; path = SoundCollectionCellView.swift; sourceTree = "<group>"; };
		29FCBE9D24426C390062253F /* CoreDateManager.swift */ = {isa = PBXFileReference; lastKnownFileType = sourcecode.swift; path = CoreDateManager.swift; sourceTree = "<group>"; };
		29FCBEA3244275130062253F /* SBWidget.appex */ = {isa = PBXFileReference; explicitFileType = "wrapper.app-extension"; includeInIndex = 0; path = SBWidget.appex; sourceTree = BUILT_PRODUCTS_DIR; };
		29FCBEA4244275130062253F /* NotificationCenter.framework */ = {isa = PBXFileReference; lastKnownFileType = wrapper.framework; name = NotificationCenter.framework; path = System/Library/Frameworks/NotificationCenter.framework; sourceTree = SDKROOT; };
		29FCBEA7244275130062253F /* TodayViewController.swift */ = {isa = PBXFileReference; lastKnownFileType = sourcecode.swift; path = TodayViewController.swift; sourceTree = "<group>"; };
		29FCBEAA244275130062253F /* Base */ = {isa = PBXFileReference; lastKnownFileType = file.storyboard; name = Base; path = Base.lproj/MainInterface.storyboard; sourceTree = "<group>"; };
		29FCBEAC244275130062253F /* Info.plist */ = {isa = PBXFileReference; lastKnownFileType = text.plist.xml; path = Info.plist; sourceTree = "<group>"; };
		29FCBED0244282F60062253F /* SBWidget.entitlements */ = {isa = PBXFileReference; lastKnownFileType = text.plist.entitlements; path = SBWidget.entitlements; sourceTree = "<group>"; };
		2D0B71D0E3F4C2723A64C9C6 /* Pods-SBShare.release.xcconfig */ = {isa = PBXFileReference; includeInIndex = 1; lastKnownFileType = text.xcconfig; name = "Pods-SBShare.release.xcconfig"; path = "Target Support Files/Pods-SBShare/Pods-SBShare.release.xcconfig"; sourceTree = "<group>"; };
		68C38BD092EAB442AE937226 /* Pods-SBWidget.debug.xcconfig */ = {isa = PBXFileReference; includeInIndex = 1; lastKnownFileType = text.xcconfig; name = "Pods-SBWidget.debug.xcconfig"; path = "Target Support Files/Pods-SBWidget/Pods-SBWidget.debug.xcconfig"; sourceTree = "<group>"; };
		751A441148BADCA55FEE0059 /* Pods_SBWidget.framework */ = {isa = PBXFileReference; explicitFileType = wrapper.framework; includeInIndex = 0; path = Pods_SBWidget.framework; sourceTree = BUILT_PRODUCTS_DIR; };
		7F1429072493C79148CC0787 /* Pods-SBWidget.release.xcconfig */ = {isa = PBXFileReference; includeInIndex = 1; lastKnownFileType = text.xcconfig; name = "Pods-SBWidget.release.xcconfig"; path = "Target Support Files/Pods-SBWidget/Pods-SBWidget.release.xcconfig"; sourceTree = "<group>"; };
		A8987BD69F325177FE0A53C8 /* Pods-SoundsBoard.release.xcconfig */ = {isa = PBXFileReference; includeInIndex = 1; lastKnownFileType = text.xcconfig; name = "Pods-SoundsBoard.release.xcconfig"; path = "Target Support Files/Pods-SoundsBoard/Pods-SoundsBoard.release.xcconfig"; sourceTree = "<group>"; };
		A97DAFC7C81338CE69EE009C /* Pods_SBShare.framework */ = {isa = PBXFileReference; explicitFileType = wrapper.framework; includeInIndex = 0; path = Pods_SBShare.framework; sourceTree = BUILT_PRODUCTS_DIR; };
		AE55983EC9EC90D40EECB8ED /* Pods-SBKit.debug.xcconfig */ = {isa = PBXFileReference; includeInIndex = 1; lastKnownFileType = text.xcconfig; name = "Pods-SBKit.debug.xcconfig"; path = "Target Support Files/Pods-SBKit/Pods-SBKit.debug.xcconfig"; sourceTree = "<group>"; };
		B586485B1E100EF6651BB447 /* Pods-SoundsBoard.debug.xcconfig */ = {isa = PBXFileReference; includeInIndex = 1; lastKnownFileType = text.xcconfig; name = "Pods-SoundsBoard.debug.xcconfig"; path = "Target Support Files/Pods-SoundsBoard/Pods-SoundsBoard.debug.xcconfig"; sourceTree = "<group>"; };
		DE300823239CAAA720D25730 /* Pods_SBKit.framework */ = {isa = PBXFileReference; explicitFileType = wrapper.framework; includeInIndex = 0; path = Pods_SBKit.framework; sourceTree = BUILT_PRODUCTS_DIR; };
		F93A84CC7636966B24F20C14 /* Pods_SoundsBoard.framework */ = {isa = PBXFileReference; explicitFileType = wrapper.framework; includeInIndex = 0; path = Pods_SoundsBoard.framework; sourceTree = BUILT_PRODUCTS_DIR; };
		FC00950B245EBA1D00D41E59 /* AlertsManager.swift */ = {isa = PBXFileReference; lastKnownFileType = sourcecode.swift; path = AlertsManager.swift; sourceTree = "<group>"; };
		FC00950E245ECE7200D41E59 /* AddEditSoundControllerBase.swift */ = {isa = PBXFileReference; lastKnownFileType = sourcecode.swift; path = AddEditSoundControllerBase.swift; sourceTree = "<group>"; };
		FC009510245ED35300D41E59 /* AddEditSoundController.swift */ = {isa = PBXFileReference; lastKnownFileType = sourcecode.swift; path = AddEditSoundController.swift; sourceTree = "<group>"; };
		FC009512245ED4F400D41E59 /* SiriExtension.swift */ = {isa = PBXFileReference; lastKnownFileType = sourcecode.swift; path = SiriExtension.swift; sourceTree = "<group>"; };
		FC1C8D4E245C286100B73597 /* SBShare.appex */ = {isa = PBXFileReference; explicitFileType = "wrapper.app-extension"; includeInIndex = 0; path = SBShare.appex; sourceTree = BUILT_PRODUCTS_DIR; };
		FC1C8D53245C286100B73597 /* Base */ = {isa = PBXFileReference; lastKnownFileType = file.storyboard; name = Base; path = Base.lproj/MainInterface.storyboard; sourceTree = "<group>"; };
		FC1C8D55245C286100B73597 /* Info.plist */ = {isa = PBXFileReference; lastKnownFileType = text.plist.xml; path = Info.plist; sourceTree = "<group>"; };
		FC1C8D5C245C288B00B73597 /* SBShare.entitlements */ = {isa = PBXFileReference; lastKnownFileType = text.plist.entitlements; path = SBShare.entitlements; sourceTree = "<group>"; };
		FC362F9F24183F6D007E43E4 /* LongPressRecordButton.swift */ = {isa = PBXFileReference; fileEncoding = 4; lastKnownFileType = sourcecode.swift; path = LongPressRecordButton.swift; sourceTree = "<group>"; };
		FC362FA12418F102007E43E4 /* cat.wav */ = {isa = PBXFileReference; lastKnownFileType = audio.wav; path = cat.wav; sourceTree = "<group>"; };
		FC362FC8241D6CFC007E43E4 /* SoundsBoard.entitlements */ = {isa = PBXFileReference; fileEncoding = 4; lastKnownFileType = text.plist.entitlements; path = SoundsBoard.entitlements; sourceTree = "<group>"; };
		FC499A98245F17A2002F7CED /* ShareViewController.swift */ = {isa = PBXFileReference; fileEncoding = 4; lastKnownFileType = sourcecode.swift; path = ShareViewController.swift; sourceTree = "<group>"; };
		FC736A3F241189EB00D6966B /* SoundsBoard.app */ = {isa = PBXFileReference; explicitFileType = wrapper.application; includeInIndex = 0; path = SoundsBoard.app; sourceTree = BUILT_PRODUCTS_DIR; };
		FC736A42241189EB00D6966B /* AppDelegate.swift */ = {isa = PBXFileReference; lastKnownFileType = sourcecode.swift; path = AppDelegate.swift; sourceTree = "<group>"; };
		FC736A44241189EB00D6966B /* SceneDelegate.swift */ = {isa = PBXFileReference; lastKnownFileType = sourcecode.swift; path = SceneDelegate.swift; sourceTree = "<group>"; };
		FC736A46241189EB00D6966B /* HomeController.swift */ = {isa = PBXFileReference; lastKnownFileType = sourcecode.swift; path = HomeController.swift; sourceTree = "<group>"; };
		FC736A49241189EB00D6966B /* Base */ = {isa = PBXFileReference; lastKnownFileType = file.storyboard; name = Base; path = Base.lproj/Main.storyboard; sourceTree = "<group>"; };
		FC736A4C241189EB00D6966B /* SoundsBoard.xcdatamodel */ = {isa = PBXFileReference; lastKnownFileType = wrapper.xcdatamodel; path = SoundsBoard.xcdatamodel; sourceTree = "<group>"; };
		FC736A4E241189ED00D6966B /* Assets.xcassets */ = {isa = PBXFileReference; lastKnownFileType = folder.assetcatalog; path = Assets.xcassets; sourceTree = "<group>"; };
		FC736A51241189ED00D6966B /* Base */ = {isa = PBXFileReference; lastKnownFileType = file.storyboard; name = Base; path = Base.lproj/LaunchScreen.storyboard; sourceTree = "<group>"; };
		FC736A53241189ED00D6966B /* Info.plist */ = {isa = PBXFileReference; lastKnownFileType = text.plist.xml; path = Info.plist; sourceTree = "<group>"; };
		FCC59E1524216F9800B38213 /* AudioRecorderController.swift */ = {isa = PBXFileReference; lastKnownFileType = sourcecode.swift; path = AudioRecorderController.swift; sourceTree = "<group>"; };
/* End PBXFileReference section */

/* Begin PBXFrameworksBuildPhase section */
		29FCBE82244267040062253F /* Frameworks */ = {
			isa = PBXFrameworksBuildPhase;
			buildActionMask = 2147483647;
			files = (
				47E67CBE910BC05E6FF3B28E /* Pods_SBKit.framework in Frameworks */,
			);
			runOnlyForDeploymentPostprocessing = 0;
		};
		29FCBEA0244275130062253F /* Frameworks */ = {
			isa = PBXFrameworksBuildPhase;
			buildActionMask = 2147483647;
			files = (
				29FCBEB52442754F0062253F /* SBKit.framework in Frameworks */,
				29FCBEA5244275130062253F /* NotificationCenter.framework in Frameworks */,
				7C1CC2F019AAA108AA951643 /* Pods_SBWidget.framework in Frameworks */,
			);
			runOnlyForDeploymentPostprocessing = 0;
		};
		FC1C8D4B245C286100B73597 /* Frameworks */ = {
			isa = PBXFrameworksBuildPhase;
			buildActionMask = 2147483647;
			files = (
				FC1C8D5D245C73E100B73597 /* SBKit.framework in Frameworks */,
				4E6A69590039961671258B8D /* Pods_SBShare.framework in Frameworks */,
			);
			runOnlyForDeploymentPostprocessing = 0;
		};
		FC736A3C241189EB00D6966B /* Frameworks */ = {
			isa = PBXFrameworksBuildPhase;
			buildActionMask = 2147483647;
			files = (
				29FCBE8C244267040062253F /* SBKit.framework in Frameworks */,
				FC362FC3241D64BA007E43E4 /* Pods_SoundsBoard.framework in Frameworks */,
			);
			runOnlyForDeploymentPostprocessing = 0;
		};
/* End PBXFrameworksBuildPhase section */

/* Begin PBXGroup section */
		294A806024282055007BE86A /* views */ = {
			isa = PBXGroup;
			children = (
				FC362F9F24183F6D007E43E4 /* LongPressRecordButton.swift */,
				2975A37A242AAF2A00F5FE4F /* SoundTableCellView.swift */,
			);
			path = views;
			sourceTree = "<group>";
		};
		29FCBE86244267040062253F /* SBKit */ = {
			isa = PBXGroup;
			children = (
				FC00950D245ECE2900D41E59 /* controllers */,
				29FCBE9B24426AEC0062253F /* model */,
				29FCBE9824426AAC0062253F /* views */,
				29FCBE91244267CE0062253F /* utilities */,
				29FCBE87244267040062253F /* SBKit.h */,
				29FCBE88244267040062253F /* Info.plist */,
			);
			path = SBKit;
			sourceTree = "<group>";
		};
		29FCBE91244267CE0062253F /* utilities */ = {
			isa = PBXGroup;
			children = (
				29FCBE92244267E40062253F /* AudioPlayer.swift */,
				29FCBE96244268670062253F /* SoundsFilesManger.swift */,
				29CC7F30244A571B0032EC52 /* Constants.swift */,
				29ACB77D244BC5CF00A0E352 /* VolumeManager.swift */,
				FC00950B245EBA1D00D41E59 /* AlertsManager.swift */,
				FC009512245ED4F400D41E59 /* SiriExtension.swift */,
			);
			path = utilities;
			sourceTree = "<group>";
		};
		29FCBE9824426AAC0062253F /* views */ = {
			isa = PBXGroup;
			children = (
				29FCBE9924426ABD0062253F /* SoundCollectionCellView.swift */,
			);
			path = views;
			sourceTree = "<group>";
		};
		29FCBE9B24426AEC0062253F /* model */ = {
			isa = PBXGroup;
			children = (
				FC736A4B241189EB00D6966B /* SoundsBoard.xcdatamodeld */,
				29FCBE9D24426C390062253F /* CoreDateManager.swift */,
			);
			path = model;
			sourceTree = "<group>";
		};
		29FCBEA6244275130062253F /* SBWidget */ = {
			isa = PBXGroup;
			children = (
				29FCBED0244282F60062253F /* SBWidget.entitlements */,
				29FCBEA7244275130062253F /* TodayViewController.swift */,
				29FCBEA9244275130062253F /* MainInterface.storyboard */,
				29FCBEAC244275130062253F /* Info.plist */,
			);
			path = SBWidget;
			sourceTree = "<group>";
		};
		4A0CE9DC72527AAEABEBA588 /* Frameworks */ = {
			isa = PBXGroup;
			children = (
				F93A84CC7636966B24F20C14 /* Pods_SoundsBoard.framework */,
				DE300823239CAAA720D25730 /* Pods_SBKit.framework */,
				29FCBEA4244275130062253F /* NotificationCenter.framework */,
				751A441148BADCA55FEE0059 /* Pods_SBWidget.framework */,
				A97DAFC7C81338CE69EE009C /* Pods_SBShare.framework */,
			);
			name = Frameworks;
			sourceTree = "<group>";
		};
		DACDE840125A51533FD1CBEA /* Pods */ = {
			isa = PBXGroup;
			children = (
				B586485B1E100EF6651BB447 /* Pods-SoundsBoard.debug.xcconfig */,
				A8987BD69F325177FE0A53C8 /* Pods-SoundsBoard.release.xcconfig */,
				AE55983EC9EC90D40EECB8ED /* Pods-SBKit.debug.xcconfig */,
				1073CEF685BAA46FD5A0F904 /* Pods-SBKit.release.xcconfig */,
				68C38BD092EAB442AE937226 /* Pods-SBWidget.debug.xcconfig */,
				7F1429072493C79148CC0787 /* Pods-SBWidget.release.xcconfig */,
				0C71274C204D32AF8F79B508 /* Pods-SBShare.debug.xcconfig */,
				2D0B71D0E3F4C2723A64C9C6 /* Pods-SBShare.release.xcconfig */,
			);
			path = Pods;
			sourceTree = "<group>";
		};
		FC00950D245ECE2900D41E59 /* controllers */ = {
			isa = PBXGroup;
			children = (
				FC00950E245ECE7200D41E59 /* AddEditSoundControllerBase.swift */,
			);
			path = controllers;
			sourceTree = "<group>";
		};
		FC1C8D4F245C286100B73597 /* SBShare */ = {
			isa = PBXGroup;
			children = (
				FC499A98245F17A2002F7CED /* ShareViewController.swift */,
				FC1C8D5C245C288B00B73597 /* SBShare.entitlements */,
				FC1C8D52245C286100B73597 /* MainInterface.storyboard */,
				FC1C8D55245C286100B73597 /* Info.plist */,
			);
			path = SBShare;
			sourceTree = "<group>";
		};
		FC736A36241189EB00D6966B = {
			isa = PBXGroup;
			children = (
				FC736A41241189EB00D6966B /* SoundsBoard */,
				29FCBE86244267040062253F /* SBKit */,
				29FCBEA6244275130062253F /* SBWidget */,
				FC1C8D4F245C286100B73597 /* SBShare */,
				FC736A40241189EB00D6966B /* Products */,
				DACDE840125A51533FD1CBEA /* Pods */,
				4A0CE9DC72527AAEABEBA588 /* Frameworks */,
			);
			sourceTree = "<group>";
		};
		FC736A40241189EB00D6966B /* Products */ = {
			isa = PBXGroup;
			children = (
				FC736A3F241189EB00D6966B /* SoundsBoard.app */,
				29FCBE85244267040062253F /* SBKit.framework */,
				29FCBEA3244275130062253F /* SBWidget.appex */,
				FC1C8D4E245C286100B73597 /* SBShare.appex */,
			);
			name = Products;
			sourceTree = "<group>";
		};
		FC736A41241189EB00D6966B /* SoundsBoard */ = {
			isa = PBXGroup;
			children = (
				294A806024282055007BE86A /* views */,
				FC362FC8241D6CFC007E43E4 /* SoundsBoard.entitlements */,
				FC736A5F24145B6C00D6966B /* assets */,
				FC736A5E24145AD200D6966B /* storyboards */,
				FC736A5D24145ABC00D6966B /* controllers */,
				FC736A5C24145AA100D6966B /* app-delegats */,
			);
			path = SoundsBoard;
			sourceTree = "<group>";
		};
		FC736A5C24145AA100D6966B /* app-delegats */ = {
			isa = PBXGroup;
			children = (
				FC736A44241189EB00D6966B /* SceneDelegate.swift */,
				FC736A42241189EB00D6966B /* AppDelegate.swift */,
			);
			path = "app-delegats";
			sourceTree = "<group>";
		};
		FC736A5D24145ABC00D6966B /* controllers */ = {
			isa = PBXGroup;
			children = (
				FC736A46241189EB00D6966B /* HomeController.swift */,
				FCC59E1524216F9800B38213 /* AudioRecorderController.swift */,
				294A805E24281D51007BE86A /* SoundsController.swift */,
				2975A378242AAE1E00F5FE4F /* MoreController.swift */,
				FC009510245ED35300D41E59 /* AddEditSoundController.swift */,
			);
			path = controllers;
			sourceTree = "<group>";
		};
		FC736A5E24145AD200D6966B /* storyboards */ = {
			isa = PBXGroup;
			children = (
				FC736A48241189EB00D6966B /* Main.storyboard */,
				FC736A50241189ED00D6966B /* LaunchScreen.storyboard */,
			);
			path = storyboards;
			sourceTree = "<group>";
		};
		FC736A5F24145B6C00D6966B /* assets */ = {
			isa = PBXGroup;
			children = (
				FC362FA12418F102007E43E4 /* cat.wav */,
				FC736A4E241189ED00D6966B /* Assets.xcassets */,
				FC736A53241189ED00D6966B /* Info.plist */,
			);
			path = assets;
			sourceTree = "<group>";
		};
/* End PBXGroup section */

/* Begin PBXHeadersBuildPhase section */
		29FCBE80244267040062253F /* Headers */ = {
			isa = PBXHeadersBuildPhase;
			buildActionMask = 2147483647;
			files = (
				29FCBE89244267040062253F /* SBKit.h in Headers */,
			);
			runOnlyForDeploymentPostprocessing = 0;
		};
/* End PBXHeadersBuildPhase section */

/* Begin PBXNativeTarget section */
		29FCBE84244267040062253F /* SBKit */ = {
			isa = PBXNativeTarget;
			buildConfigurationList = 29FCBE90244267040062253F /* Build configuration list for PBXNativeTarget "SBKit" */;
			buildPhases = (
				A92FD6C990B8CE7805BD1E41 /* [CP] Check Pods Manifest.lock */,
				29FCBE80244267040062253F /* Headers */,
				29FCBE81244267040062253F /* Sources */,
				29FCBE82244267040062253F /* Frameworks */,
				29FCBE83244267040062253F /* Resources */,
			);
			buildRules = (
			);
			dependencies = (
			);
			name = SBKit;
			productName = SBKit;
			productReference = 29FCBE85244267040062253F /* SBKit.framework */;
			productType = "com.apple.product-type.framework";
		};
		29FCBEA2244275130062253F /* SBWidget */ = {
			isa = PBXNativeTarget;
			buildConfigurationList = 29FCBEB0244275130062253F /* Build configuration list for PBXNativeTarget "SBWidget" */;
			buildPhases = (
				6FFC9AA6E1C3AEF6F6556199 /* [CP] Check Pods Manifest.lock */,
				29FCBE9F244275130062253F /* Sources */,
				29FCBEA0244275130062253F /* Frameworks */,
				29FCBEA1244275130062253F /* Resources */,
			);
			buildRules = (
			);
			dependencies = (
				29FCBEB42442752A0062253F /* PBXTargetDependency */,
			);
			name = SBWidget;
			productName = SBWidget;
			productReference = 29FCBEA3244275130062253F /* SBWidget.appex */;
			productType = "com.apple.product-type.app-extension";
		};
		FC1C8D4D245C286100B73597 /* SBShare */ = {
			isa = PBXNativeTarget;
			buildConfigurationList = FC1C8D5B245C286100B73597 /* Build configuration list for PBXNativeTarget "SBShare" */;
			buildPhases = (
				69FD95CE03099B27A1884423 /* [CP] Check Pods Manifest.lock */,
				FC1C8D4A245C286100B73597 /* Sources */,
				FC1C8D4B245C286100B73597 /* Frameworks */,
				FC1C8D4C245C286100B73597 /* Resources */,
			);
			buildRules = (
			);
			dependencies = (
				FC1C8D60245C73E100B73597 /* PBXTargetDependency */,
			);
			name = SBShare;
			productName = SBShare;
			productReference = FC1C8D4E245C286100B73597 /* SBShare.appex */;
			productType = "com.apple.product-type.app-extension";
		};
		FC736A3E241189EB00D6966B /* SoundsBoard */ = {
			isa = PBXNativeTarget;
			buildConfigurationList = FC736A56241189ED00D6966B /* Build configuration list for PBXNativeTarget "SoundsBoard" */;
			buildPhases = (
				3F47B89D94609A8F17FD6383 /* [CP] Check Pods Manifest.lock */,
				FC736A3B241189EB00D6966B /* Sources */,
				FC736A3C241189EB00D6966B /* Frameworks */,
				FC736A3D241189EB00D6966B /* Resources */,
				90FCBD210254EAF01AB46487 /* [CP] Embed Pods Frameworks */,
				FC362FBD241D5A4B007E43E4 /* Embed App Extensions */,
				FC362FC5241D64BA007E43E4 /* Embed Frameworks */,
			);
			buildRules = (
			);
			dependencies = (
				29FCBE8B244267040062253F /* PBXTargetDependency */,
				29FCBEAE244275130062253F /* PBXTargetDependency */,
				FC1C8D57245C286100B73597 /* PBXTargetDependency */,
			);
			name = SoundsBoard;
			productName = SoundsBoard;
			productReference = FC736A3F241189EB00D6966B /* SoundsBoard.app */;
			productType = "com.apple.product-type.application";
		};
/* End PBXNativeTarget section */

/* Begin PBXProject section */
		FC736A37241189EB00D6966B /* Project object */ = {
			isa = PBXProject;
			attributes = {
				LastSwiftUpdateCheck = 1120;
				LastUpgradeCheck = 1120;
				ORGANIZATIONNAME = "Mohammed Ghannm";
				TargetAttributes = {
					29FCBE84244267040062253F = {
						CreatedOnToolsVersion = 11.3.1;
						LastSwiftMigration = 1130;
					};
					29FCBEA2244275130062253F = {
						CreatedOnToolsVersion = 11.3.1;
					};
					FC1C8D4D245C286100B73597 = {
						CreatedOnToolsVersion = 11.2.1;
						LastSwiftMigration = 1120;
					};
					FC736A3E241189EB00D6966B = {
						CreatedOnToolsVersion = 11.2.1;
						LastSwiftMigration = 1130;
					};
				};
			};
			buildConfigurationList = FC736A3A241189EB00D6966B /* Build configuration list for PBXProject "SoundsBoard" */;
			compatibilityVersion = "Xcode 9.3";
			developmentRegion = en;
			hasScannedForEncodings = 0;
			knownRegions = (
				en,
				Base,
			);
			mainGroup = FC736A36241189EB00D6966B;
			productRefGroup = FC736A40241189EB00D6966B /* Products */;
			projectDirPath = "";
			projectRoot = "";
			targets = (
				FC736A3E241189EB00D6966B /* SoundsBoard */,
				29FCBE84244267040062253F /* SBKit */,
				29FCBEA2244275130062253F /* SBWidget */,
				FC1C8D4D245C286100B73597 /* SBShare */,
			);
		};
/* End PBXProject section */

/* Begin PBXResourcesBuildPhase section */
		29FCBE83244267040062253F /* Resources */ = {
			isa = PBXResourcesBuildPhase;
			buildActionMask = 2147483647;
			files = (
			);
			runOnlyForDeploymentPostprocessing = 0;
		};
		29FCBEA1244275130062253F /* Resources */ = {
			isa = PBXResourcesBuildPhase;
			buildActionMask = 2147483647;
			files = (
				29FCBEAB244275130062253F /* MainInterface.storyboard in Resources */,
			);
			runOnlyForDeploymentPostprocessing = 0;
		};
		FC1C8D4C245C286100B73597 /* Resources */ = {
			isa = PBXResourcesBuildPhase;
			buildActionMask = 2147483647;
			files = (
				FC0F1CE5245F06DD006967E3 /* Assets.xcassets in Resources */,
				FC1C8D54245C286100B73597 /* MainInterface.storyboard in Resources */,
			);
			runOnlyForDeploymentPostprocessing = 0;
		};
		FC736A3D241189EB00D6966B /* Resources */ = {
			isa = PBXResourcesBuildPhase;
			buildActionMask = 2147483647;
			files = (
				FC736A52241189ED00D6966B /* LaunchScreen.storyboard in Resources */,
				FC736A4F241189ED00D6966B /* Assets.xcassets in Resources */,
				FC736A4A241189EB00D6966B /* Main.storyboard in Resources */,
				FC362FA22418F103007E43E4 /* cat.wav in Resources */,
			);
			runOnlyForDeploymentPostprocessing = 0;
		};
/* End PBXResourcesBuildPhase section */

/* Begin PBXShellScriptBuildPhase section */
		3F47B89D94609A8F17FD6383 /* [CP] Check Pods Manifest.lock */ = {
			isa = PBXShellScriptBuildPhase;
			buildActionMask = 2147483647;
			files = (
			);
			inputFileListPaths = (
			);
			inputPaths = (
				"${PODS_PODFILE_DIR_PATH}/Podfile.lock",
				"${PODS_ROOT}/Manifest.lock",
			);
			name = "[CP] Check Pods Manifest.lock";
			outputFileListPaths = (
			);
			outputPaths = (
				"$(DERIVED_FILE_DIR)/Pods-SoundsBoard-checkManifestLockResult.txt",
			);
			runOnlyForDeploymentPostprocessing = 0;
			shellPath = /bin/sh;
			shellScript = "diff \"${PODS_PODFILE_DIR_PATH}/Podfile.lock\" \"${PODS_ROOT}/Manifest.lock\" > /dev/null\nif [ $? != 0 ] ; then\n    # print error to STDERR\n    echo \"error: The sandbox is not in sync with the Podfile.lock. Run 'pod install' or update your CocoaPods installation.\" >&2\n    exit 1\nfi\n# This output is used by Xcode 'outputs' to avoid re-running this script phase.\necho \"SUCCESS\" > \"${SCRIPT_OUTPUT_FILE_0}\"\n";
			showEnvVarsInLog = 0;
		};
		69FD95CE03099B27A1884423 /* [CP] Check Pods Manifest.lock */ = {
			isa = PBXShellScriptBuildPhase;
			buildActionMask = 2147483647;
			files = (
			);
			inputFileListPaths = (
			);
			inputPaths = (
				"${PODS_PODFILE_DIR_PATH}/Podfile.lock",
				"${PODS_ROOT}/Manifest.lock",
			);
			name = "[CP] Check Pods Manifest.lock";
			outputFileListPaths = (
			);
			outputPaths = (
				"$(DERIVED_FILE_DIR)/Pods-SBShare-checkManifestLockResult.txt",
			);
			runOnlyForDeploymentPostprocessing = 0;
			shellPath = /bin/sh;
			shellScript = "diff \"${PODS_PODFILE_DIR_PATH}/Podfile.lock\" \"${PODS_ROOT}/Manifest.lock\" > /dev/null\nif [ $? != 0 ] ; then\n    # print error to STDERR\n    echo \"error: The sandbox is not in sync with the Podfile.lock. Run 'pod install' or update your CocoaPods installation.\" >&2\n    exit 1\nfi\n# This output is used by Xcode 'outputs' to avoid re-running this script phase.\necho \"SUCCESS\" > \"${SCRIPT_OUTPUT_FILE_0}\"\n";
			showEnvVarsInLog = 0;
		};
		6FFC9AA6E1C3AEF6F6556199 /* [CP] Check Pods Manifest.lock */ = {
			isa = PBXShellScriptBuildPhase;
			buildActionMask = 2147483647;
			files = (
			);
			inputFileListPaths = (
			);
			inputPaths = (
				"${PODS_PODFILE_DIR_PATH}/Podfile.lock",
				"${PODS_ROOT}/Manifest.lock",
			);
			name = "[CP] Check Pods Manifest.lock";
			outputFileListPaths = (
			);
			outputPaths = (
				"$(DERIVED_FILE_DIR)/Pods-SBWidget-checkManifestLockResult.txt",
			);
			runOnlyForDeploymentPostprocessing = 0;
			shellPath = /bin/sh;
			shellScript = "diff \"${PODS_PODFILE_DIR_PATH}/Podfile.lock\" \"${PODS_ROOT}/Manifest.lock\" > /dev/null\nif [ $? != 0 ] ; then\n    # print error to STDERR\n    echo \"error: The sandbox is not in sync with the Podfile.lock. Run 'pod install' or update your CocoaPods installation.\" >&2\n    exit 1\nfi\n# This output is used by Xcode 'outputs' to avoid re-running this script phase.\necho \"SUCCESS\" > \"${SCRIPT_OUTPUT_FILE_0}\"\n";
			showEnvVarsInLog = 0;
		};
		90FCBD210254EAF01AB46487 /* [CP] Embed Pods Frameworks */ = {
			isa = PBXShellScriptBuildPhase;
			buildActionMask = 2147483647;
			files = (
			);
			inputFileListPaths = (
				"${PODS_ROOT}/Target Support Files/Pods-SoundsBoard/Pods-SoundsBoard-frameworks-${CONFIGURATION}-input-files.xcfilelist",
			);
			name = "[CP] Embed Pods Frameworks";
			outputFileListPaths = (
				"${PODS_ROOT}/Target Support Files/Pods-SoundsBoard/Pods-SoundsBoard-frameworks-${CONFIGURATION}-output-files.xcfilelist",
			);
			runOnlyForDeploymentPostprocessing = 0;
			shellPath = /bin/sh;
			shellScript = "\"${PODS_ROOT}/Target Support Files/Pods-SoundsBoard/Pods-SoundsBoard-frameworks.sh\"\n";
			showEnvVarsInLog = 0;
		};
		A92FD6C990B8CE7805BD1E41 /* [CP] Check Pods Manifest.lock */ = {
			isa = PBXShellScriptBuildPhase;
			buildActionMask = 2147483647;
			files = (
			);
			inputFileListPaths = (
			);
			inputPaths = (
				"${PODS_PODFILE_DIR_PATH}/Podfile.lock",
				"${PODS_ROOT}/Manifest.lock",
			);
			name = "[CP] Check Pods Manifest.lock";
			outputFileListPaths = (
			);
			outputPaths = (
				"$(DERIVED_FILE_DIR)/Pods-SBKit-checkManifestLockResult.txt",
			);
			runOnlyForDeploymentPostprocessing = 0;
			shellPath = /bin/sh;
			shellScript = "diff \"${PODS_PODFILE_DIR_PATH}/Podfile.lock\" \"${PODS_ROOT}/Manifest.lock\" > /dev/null\nif [ $? != 0 ] ; then\n    # print error to STDERR\n    echo \"error: The sandbox is not in sync with the Podfile.lock. Run 'pod install' or update your CocoaPods installation.\" >&2\n    exit 1\nfi\n# This output is used by Xcode 'outputs' to avoid re-running this script phase.\necho \"SUCCESS\" > \"${SCRIPT_OUTPUT_FILE_0}\"\n";
			showEnvVarsInLog = 0;
		};
/* End PBXShellScriptBuildPhase section */

/* Begin PBXSourcesBuildPhase section */
		29FCBE81244267040062253F /* Sources */ = {
			isa = PBXSourcesBuildPhase;
			buildActionMask = 2147483647;
			files = (
				29ACB77E244BC5CF00A0E352 /* VolumeManager.swift in Sources */,
				29FCBE9C24426B740062253F /* SoundsBoard.xcdatamodeld in Sources */,
				29FCBE9A24426ABD0062253F /* SoundCollectionCellView.swift in Sources */,
				29FCBE9E24426C390062253F /* CoreDateManager.swift in Sources */,
				FC009513245ED4F400D41E59 /* SiriExtension.swift in Sources */,
				FC00950C245EBA1D00D41E59 /* AlertsManager.swift in Sources */,
				FC00950F245ECE7200D41E59 /* AddEditSoundControllerBase.swift in Sources */,
				29FCBE93244267E40062253F /* AudioPlayer.swift in Sources */,
				29FCBE97244268670062253F /* SoundsFilesManger.swift in Sources */,
				29CC7F31244A571B0032EC52 /* Constants.swift in Sources */,
			);
			runOnlyForDeploymentPostprocessing = 0;
		};
		29FCBE9F244275130062253F /* Sources */ = {
			isa = PBXSourcesBuildPhase;
			buildActionMask = 2147483647;
			files = (
				29FCBEB6244278920062253F /* SoundTableCellView.swift in Sources */,
				29FCBEA8244275130062253F /* TodayViewController.swift in Sources */,
			);
			runOnlyForDeploymentPostprocessing = 0;
		};
		FC1C8D4A245C286100B73597 /* Sources */ = {
			isa = PBXSourcesBuildPhase;
			buildActionMask = 2147483647;
			files = (
				FC499A99245F17A2002F7CED /* ShareViewController.swift in Sources */,
			);
			runOnlyForDeploymentPostprocessing = 0;
		};
		FC736A3B241189EB00D6966B /* Sources */ = {
			isa = PBXSourcesBuildPhase;
			buildActionMask = 2147483647;
			files = (
				2975A379242AAE1E00F5FE4F /* MoreController.swift in Sources */,
				2975A37B242AAF2A00F5FE4F /* SoundTableCellView.swift in Sources */,
				FC736A47241189EB00D6966B /* HomeController.swift in Sources */,
				FC736A43241189EB00D6966B /* AppDelegate.swift in Sources */,
				FC736A45241189EB00D6966B /* SceneDelegate.swift in Sources */,
				294A805F24281D51007BE86A /* SoundsController.swift in Sources */,
				FC362FA024183F6D007E43E4 /* LongPressRecordButton.swift in Sources */,
				FCC59E1624216F9800B38213 /* AudioRecorderController.swift in Sources */,
				FC009511245ED35300D41E59 /* AddEditSoundController.swift in Sources */,
			);
			runOnlyForDeploymentPostprocessing = 0;
		};
/* End PBXSourcesBuildPhase section */

/* Begin PBXTargetDependency section */
		29FCBE8B244267040062253F /* PBXTargetDependency */ = {
			isa = PBXTargetDependency;
			target = 29FCBE84244267040062253F /* SBKit */;
			targetProxy = 29FCBE8A244267040062253F /* PBXContainerItemProxy */;
		};
		29FCBEAE244275130062253F /* PBXTargetDependency */ = {
			isa = PBXTargetDependency;
			target = 29FCBEA2244275130062253F /* SBWidget */;
			targetProxy = 29FCBEAD244275130062253F /* PBXContainerItemProxy */;
		};
		29FCBEB42442752A0062253F /* PBXTargetDependency */ = {
			isa = PBXTargetDependency;
			target = 29FCBE84244267040062253F /* SBKit */;
			targetProxy = 29FCBEB32442752A0062253F /* PBXContainerItemProxy */;
		};
		FC1C8D57245C286100B73597 /* PBXTargetDependency */ = {
			isa = PBXTargetDependency;
			target = FC1C8D4D245C286100B73597 /* SBShare */;
			targetProxy = FC1C8D56245C286100B73597 /* PBXContainerItemProxy */;
		};
		FC1C8D60245C73E100B73597 /* PBXTargetDependency */ = {
			isa = PBXTargetDependency;
			target = 29FCBE84244267040062253F /* SBKit */;
			targetProxy = FC1C8D5F245C73E100B73597 /* PBXContainerItemProxy */;
		};
/* End PBXTargetDependency section */

/* Begin PBXVariantGroup section */
		29FCBEA9244275130062253F /* MainInterface.storyboard */ = {
			isa = PBXVariantGroup;
			children = (
				29FCBEAA244275130062253F /* Base */,
			);
			name = MainInterface.storyboard;
			sourceTree = "<group>";
		};
		FC1C8D52245C286100B73597 /* MainInterface.storyboard */ = {
			isa = PBXVariantGroup;
			children = (
				FC1C8D53245C286100B73597 /* Base */,
			);
			name = MainInterface.storyboard;
			sourceTree = "<group>";
		};
		FC736A48241189EB00D6966B /* Main.storyboard */ = {
			isa = PBXVariantGroup;
			children = (
				FC736A49241189EB00D6966B /* Base */,
			);
			name = Main.storyboard;
			sourceTree = "<group>";
		};
		FC736A50241189ED00D6966B /* LaunchScreen.storyboard */ = {
			isa = PBXVariantGroup;
			children = (
				FC736A51241189ED00D6966B /* Base */,
			);
			name = LaunchScreen.storyboard;
			sourceTree = "<group>";
		};
/* End PBXVariantGroup section */

/* Begin XCBuildConfiguration section */
		29FCBE8E244267040062253F /* Debug */ = {
			isa = XCBuildConfiguration;
			baseConfigurationReference = AE55983EC9EC90D40EECB8ED /* Pods-SBKit.debug.xcconfig */;
			buildSettings = {
				APPLICATION_EXTENSION_API_ONLY = YES;
				CLANG_ENABLE_MODULES = YES;
				CODE_SIGN_IDENTITY = "Apple Development";
				CODE_SIGN_STYLE = Automatic;
				CURRENT_PROJECT_VERSION = 1;
				DEFINES_MODULE = YES;
				DEVELOPMENT_TEAM = 7D6V6TM4RZ;
				DYLIB_COMPATIBILITY_VERSION = 1;
				DYLIB_CURRENT_VERSION = 1;
				DYLIB_INSTALL_NAME_BASE = "@rpath";
				INFOPLIST_FILE = SBKit/Info.plist;
				INSTALL_PATH = "$(LOCAL_LIBRARY_DIR)/Frameworks";
				IPHONEOS_DEPLOYMENT_TARGET = 12.4;
				LD_RUNPATH_SEARCH_PATHS = (
					"$(inherited)",
					"@executable_path/Frameworks",
					"@loader_path/Frameworks",
				);
				ONLY_ACTIVE_ARCH = YES;
				PRODUCT_BUNDLE_IDENTIFIER = com.example.SBKit;
				PRODUCT_NAME = "$(TARGET_NAME:c99extidentifier)";
				SKIP_INSTALL = YES;
				SUPPORTS_MACCATALYST = NO;
				SWIFT_OPTIMIZATION_LEVEL = "-Onone";
				SWIFT_VERSION = 5.0;
				TARGETED_DEVICE_FAMILY = 1;
				VERSIONING_SYSTEM = "apple-generic";
				VERSION_INFO_PREFIX = "";
			};
			name = Debug;
		};
		29FCBE8F244267040062253F /* Release */ = {
			isa = XCBuildConfiguration;
			baseConfigurationReference = 1073CEF685BAA46FD5A0F904 /* Pods-SBKit.release.xcconfig */;
			buildSettings = {
				APPLICATION_EXTENSION_API_ONLY = YES;
				CLANG_ENABLE_MODULES = YES;
				CODE_SIGN_IDENTITY = "Apple Development";
				CODE_SIGN_STYLE = Automatic;
				CURRENT_PROJECT_VERSION = 1;
				DEFINES_MODULE = YES;
				DEVELOPMENT_TEAM = 7D6V6TM4RZ;
				DYLIB_COMPATIBILITY_VERSION = 1;
				DYLIB_CURRENT_VERSION = 1;
				DYLIB_INSTALL_NAME_BASE = "@rpath";
				INFOPLIST_FILE = SBKit/Info.plist;
				INSTALL_PATH = "$(LOCAL_LIBRARY_DIR)/Frameworks";
				IPHONEOS_DEPLOYMENT_TARGET = 12.4;
				LD_RUNPATH_SEARCH_PATHS = (
					"$(inherited)",
					"@executable_path/Frameworks",
					"@loader_path/Frameworks",
				);
				PRODUCT_BUNDLE_IDENTIFIER = com.example.SBKit;
				PRODUCT_NAME = "$(TARGET_NAME:c99extidentifier)";
				SKIP_INSTALL = YES;
				SUPPORTS_MACCATALYST = NO;
				SWIFT_VERSION = 5.0;
				TARGETED_DEVICE_FAMILY = 1;
				VERSIONING_SYSTEM = "apple-generic";
				VERSION_INFO_PREFIX = "";
			};
			name = Release;
		};
		29FCBEB1244275130062253F /* Debug */ = {
			isa = XCBuildConfiguration;
			baseConfigurationReference = 68C38BD092EAB442AE937226 /* Pods-SBWidget.debug.xcconfig */;
			buildSettings = {
				APPLICATION_EXTENSION_API_ONLY = YES;
				CODE_SIGN_ENTITLEMENTS = SBWidget/SBWidget.entitlements;
				CODE_SIGN_IDENTITY = "Apple Development";
				CODE_SIGN_STYLE = Automatic;
				DEVELOPMENT_TEAM = 7D6V6TM4RZ;
				INFOPLIST_FILE = SBWidget/Info.plist;
				IPHONEOS_DEPLOYMENT_TARGET = 12.4;
				LD_RUNPATH_SEARCH_PATHS = (
					"$(inherited)",
					"@executable_path/Frameworks",
					"@executable_path/../../Frameworks",
				);
				ONLY_ACTIVE_ARCH = YES;
				PRODUCT_BUNDLE_IDENTIFIER = com.example.SoundsBoard.SBWidget;
				PRODUCT_NAME = "$(TARGET_NAME)";
				SKIP_INSTALL = YES;
				SWIFT_VERSION = 5.0;
				TARGETED_DEVICE_FAMILY = 1;
			};
			name = Debug;
		};
		29FCBEB2244275130062253F /* Release */ = {
			isa = XCBuildConfiguration;
			baseConfigurationReference = 7F1429072493C79148CC0787 /* Pods-SBWidget.release.xcconfig */;
			buildSettings = {
				APPLICATION_EXTENSION_API_ONLY = YES;
				CODE_SIGN_ENTITLEMENTS = SBWidget/SBWidget.entitlements;
				CODE_SIGN_IDENTITY = "Apple Development";
				CODE_SIGN_STYLE = Automatic;
				DEVELOPMENT_TEAM = 7D6V6TM4RZ;
				INFOPLIST_FILE = SBWidget/Info.plist;
				IPHONEOS_DEPLOYMENT_TARGET = 12.4;
				LD_RUNPATH_SEARCH_PATHS = (
					"$(inherited)",
					"@executable_path/Frameworks",
					"@executable_path/../../Frameworks",
				);
				PRODUCT_BUNDLE_IDENTIFIER = com.example.SoundsBoard.SBWidget;
				PRODUCT_NAME = "$(TARGET_NAME)";
				SKIP_INSTALL = YES;
				SWIFT_VERSION = 5.0;
				TARGETED_DEVICE_FAMILY = 1;
			};
			name = Release;
		};
		FC1C8D59245C286100B73597 /* Debug */ = {
			isa = XCBuildConfiguration;
			baseConfigurationReference = 0C71274C204D32AF8F79B508 /* Pods-SBShare.debug.xcconfig */;
			buildSettings = {
				CLANG_ENABLE_MODULES = YES;
				CODE_SIGN_ENTITLEMENTS = SBShare/SBShare.entitlements;
				CODE_SIGN_IDENTITY = "Apple Development";
				CODE_SIGN_STYLE = Automatic;
				DEVELOPMENT_TEAM = 7D6V6TM4RZ;
				INFOPLIST_FILE = SBShare/Info.plist;
				IPHONEOS_DEPLOYMENT_TARGET = 12.4;
				LD_RUNPATH_SEARCH_PATHS = (
					"$(inherited)",
					"@executable_path/Frameworks",
					"@executable_path/../../Frameworks",
				);
				ONLY_ACTIVE_ARCH = YES;
				PRODUCT_BUNDLE_IDENTIFIER = com.example.SoundsBoard.SBShare;
				PRODUCT_NAME = "$(TARGET_NAME)";
				SKIP_INSTALL = YES;
				SWIFT_OPTIMIZATION_LEVEL = "-Onone";
				SWIFT_VERSION = 5.0;
				TARGETED_DEVICE_FAMILY = "1,2";
			};
			name = Debug;
		};
		FC1C8D5A245C286100B73597 /* Release */ = {
			isa = XCBuildConfiguration;
			baseConfigurationReference = 2D0B71D0E3F4C2723A64C9C6 /* Pods-SBShare.release.xcconfig */;
			buildSettings = {
				CLANG_ENABLE_MODULES = YES;
				CODE_SIGN_ENTITLEMENTS = SBShare/SBShare.entitlements;
				CODE_SIGN_IDENTITY = "Apple Development";
				CODE_SIGN_STYLE = Automatic;
				DEVELOPMENT_TEAM = 7D6V6TM4RZ;
				INFOPLIST_FILE = SBShare/Info.plist;
				IPHONEOS_DEPLOYMENT_TARGET = 12.4;
				LD_RUNPATH_SEARCH_PATHS = (
					"$(inherited)",
					"@executable_path/Frameworks",
					"@executable_path/../../Frameworks",
				);
				PRODUCT_BUNDLE_IDENTIFIER = com.example.SoundsBoard.SBShare;
				PRODUCT_NAME = "$(TARGET_NAME)";
				SKIP_INSTALL = YES;
				SWIFT_VERSION = 5.0;
				TARGETED_DEVICE_FAMILY = "1,2";
			};
			name = Release;
		};
		FC736A54241189ED00D6966B /* Debug */ = {
			isa = XCBuildConfiguration;
			buildSettings = {
				ALWAYS_SEARCH_USER_PATHS = NO;
				BUILD_LIBRARY_FOR_DISTRIBUTION = NO;
				CLANG_ANALYZER_NONNULL = YES;
				CLANG_ANALYZER_NUMBER_OBJECT_CONVERSION = YES_AGGRESSIVE;
				CLANG_CXX_LANGUAGE_STANDARD = "gnu++14";
				CLANG_CXX_LIBRARY = "libc++";
				CLANG_ENABLE_MODULES = YES;
				CLANG_ENABLE_OBJC_ARC = YES;
				CLANG_ENABLE_OBJC_WEAK = YES;
				CLANG_WARN_BLOCK_CAPTURE_AUTORELEASING = YES;
				CLANG_WARN_BOOL_CONVERSION = YES;
				CLANG_WARN_COMMA = YES;
				CLANG_WARN_CONSTANT_CONVERSION = YES;
				CLANG_WARN_DEPRECATED_OBJC_IMPLEMENTATIONS = YES;
				CLANG_WARN_DIRECT_OBJC_ISA_USAGE = YES_ERROR;
				CLANG_WARN_DOCUMENTATION_COMMENTS = YES;
				CLANG_WARN_EMPTY_BODY = YES;
				CLANG_WARN_ENUM_CONVERSION = YES;
				CLANG_WARN_INFINITE_RECURSION = YES;
				CLANG_WARN_INT_CONVERSION = YES;
				CLANG_WARN_NON_LITERAL_NULL_CONVERSION = YES;
				CLANG_WARN_OBJC_IMPLICIT_RETAIN_SELF = YES;
				CLANG_WARN_OBJC_LITERAL_CONVERSION = YES;
				CLANG_WARN_OBJC_ROOT_CLASS = YES_ERROR;
				CLANG_WARN_RANGE_LOOP_ANALYSIS = YES;
				CLANG_WARN_STRICT_PROTOTYPES = YES;
				CLANG_WARN_SUSPICIOUS_MOVE = YES;
				CLANG_WARN_UNGUARDED_AVAILABILITY = YES_AGGRESSIVE;
				CLANG_WARN_UNREACHABLE_CODE = YES;
				CLANG_WARN__DUPLICATE_METHOD_MATCH = YES;
				COPY_PHASE_STRIP = NO;
				DEBUG_INFORMATION_FORMAT = dwarf;
				ENABLE_STRICT_OBJC_MSGSEND = YES;
				ENABLE_TESTABILITY = YES;
				GCC_C_LANGUAGE_STANDARD = gnu11;
				GCC_DYNAMIC_NO_PIC = NO;
				GCC_NO_COMMON_BLOCKS = YES;
				GCC_OPTIMIZATION_LEVEL = 0;
				GCC_PREPROCESSOR_DEFINITIONS = (
					"DEBUG=1",
					"$(inherited)",
				);
				GCC_WARN_64_TO_32_BIT_CONVERSION = YES;
				GCC_WARN_ABOUT_RETURN_TYPE = YES_ERROR;
				GCC_WARN_UNDECLARED_SELECTOR = YES;
				GCC_WARN_UNINITIALIZED_AUTOS = YES_AGGRESSIVE;
				GCC_WARN_UNUSED_FUNCTION = YES;
				GCC_WARN_UNUSED_VARIABLE = YES;
				IPHONEOS_DEPLOYMENT_TARGET = 13.2;
				MTL_ENABLE_DEBUG_INFO = INCLUDE_SOURCE;
				MTL_FAST_MATH = YES;
				ONLY_ACTIVE_ARCH = NO;
				SDKROOT = iphoneos;
				SWIFT_ACTIVE_COMPILATION_CONDITIONS = DEBUG;
				SWIFT_OPTIMIZATION_LEVEL = "-Onone";
			};
			name = Debug;
		};
		FC736A55241189ED00D6966B /* Release */ = {
			isa = XCBuildConfiguration;
			buildSettings = {
				ALWAYS_SEARCH_USER_PATHS = NO;
				BUILD_LIBRARY_FOR_DISTRIBUTION = NO;
				CLANG_ANALYZER_NONNULL = YES;
				CLANG_ANALYZER_NUMBER_OBJECT_CONVERSION = YES_AGGRESSIVE;
				CLANG_CXX_LANGUAGE_STANDARD = "gnu++14";
				CLANG_CXX_LIBRARY = "libc++";
				CLANG_ENABLE_MODULES = YES;
				CLANG_ENABLE_OBJC_ARC = YES;
				CLANG_ENABLE_OBJC_WEAK = YES;
				CLANG_WARN_BLOCK_CAPTURE_AUTORELEASING = YES;
				CLANG_WARN_BOOL_CONVERSION = YES;
				CLANG_WARN_COMMA = YES;
				CLANG_WARN_CONSTANT_CONVERSION = YES;
				CLANG_WARN_DEPRECATED_OBJC_IMPLEMENTATIONS = YES;
				CLANG_WARN_DIRECT_OBJC_ISA_USAGE = YES_ERROR;
				CLANG_WARN_DOCUMENTATION_COMMENTS = YES;
				CLANG_WARN_EMPTY_BODY = YES;
				CLANG_WARN_ENUM_CONVERSION = YES;
				CLANG_WARN_INFINITE_RECURSION = YES;
				CLANG_WARN_INT_CONVERSION = YES;
				CLANG_WARN_NON_LITERAL_NULL_CONVERSION = YES;
				CLANG_WARN_OBJC_IMPLICIT_RETAIN_SELF = YES;
				CLANG_WARN_OBJC_LITERAL_CONVERSION = YES;
				CLANG_WARN_OBJC_ROOT_CLASS = YES_ERROR;
				CLANG_WARN_RANGE_LOOP_ANALYSIS = YES;
				CLANG_WARN_STRICT_PROTOTYPES = YES;
				CLANG_WARN_SUSPICIOUS_MOVE = YES;
				CLANG_WARN_UNGUARDED_AVAILABILITY = YES_AGGRESSIVE;
				CLANG_WARN_UNREACHABLE_CODE = YES;
				CLANG_WARN__DUPLICATE_METHOD_MATCH = YES;
				COPY_PHASE_STRIP = NO;
				DEBUG_INFORMATION_FORMAT = "dwarf-with-dsym";
				ENABLE_NS_ASSERTIONS = NO;
				ENABLE_STRICT_OBJC_MSGSEND = YES;
				GCC_C_LANGUAGE_STANDARD = gnu11;
				GCC_NO_COMMON_BLOCKS = YES;
				GCC_WARN_64_TO_32_BIT_CONVERSION = YES;
				GCC_WARN_ABOUT_RETURN_TYPE = YES_ERROR;
				GCC_WARN_UNDECLARED_SELECTOR = YES;
				GCC_WARN_UNINITIALIZED_AUTOS = YES_AGGRESSIVE;
				GCC_WARN_UNUSED_FUNCTION = YES;
				GCC_WARN_UNUSED_VARIABLE = YES;
				IPHONEOS_DEPLOYMENT_TARGET = 13.2;
				MTL_ENABLE_DEBUG_INFO = NO;
				MTL_FAST_MATH = YES;
				SDKROOT = iphoneos;
				SWIFT_COMPILATION_MODE = wholemodule;
				SWIFT_OPTIMIZATION_LEVEL = "-O";
				VALIDATE_PRODUCT = YES;
			};
			name = Release;
		};
		FC736A57241189ED00D6966B /* Debug */ = {
			isa = XCBuildConfiguration;
			baseConfigurationReference = B586485B1E100EF6651BB447 /* Pods-SoundsBoard.debug.xcconfig */;
			buildSettings = {
				ALWAYS_EMBED_SWIFT_STANDARD_LIBRARIES = "$(inherited)";
				ASSETCATALOG_COMPILER_APPICON_NAME = AppIcon;
				CODE_SIGN_ENTITLEMENTS = SoundsBoard/SoundsBoard.entitlements;
				CODE_SIGN_IDENTITY = "Apple Development";
				CODE_SIGN_STYLE = Automatic;
				DEVELOPMENT_TEAM = 7D6V6TM4RZ;
				INFOPLIST_FILE = SoundsBoard/assets/Info.plist;
				IPHONEOS_DEPLOYMENT_TARGET = 12.4;
				LD_RUNPATH_SEARCH_PATHS = (
					"$(inherited)",
					"@executable_path/Frameworks",
				);
				ONLY_ACTIVE_ARCH = NO;
				PRODUCT_BUNDLE_IDENTIFIER = com.example.SoundsBoard;
				PRODUCT_NAME = "$(TARGET_NAME)";
				PROVISIONING_PROFILE_SPECIFIER = "";
				SWIFT_VERSION = 5.0;
				TARGETED_DEVICE_FAMILY = 1;
			};
			name = Debug;
		};
		FC736A58241189ED00D6966B /* Release */ = {
			isa = XCBuildConfiguration;
			baseConfigurationReference = A8987BD69F325177FE0A53C8 /* Pods-SoundsBoard.release.xcconfig */;
			buildSettings = {
				ALWAYS_EMBED_SWIFT_STANDARD_LIBRARIES = "$(inherited)";
				ASSETCATALOG_COMPILER_APPICON_NAME = AppIcon;
				CODE_SIGN_ENTITLEMENTS = SoundsBoard/SoundsBoard.entitlements;
				CODE_SIGN_IDENTITY = "Apple Development";
				CODE_SIGN_STYLE = Automatic;
				DEVELOPMENT_TEAM = 7D6V6TM4RZ;
				INFOPLIST_FILE = SoundsBoard/assets/Info.plist;
				IPHONEOS_DEPLOYMENT_TARGET = 12.4;
				LD_RUNPATH_SEARCH_PATHS = (
					"$(inherited)",
					"@executable_path/Frameworks",
				);
				PRODUCT_BUNDLE_IDENTIFIER = com.example.SoundsBoard;
				PRODUCT_NAME = "$(TARGET_NAME)";
				PROVISIONING_PROFILE_SPECIFIER = "";
				SWIFT_VERSION = 5.0;
				TARGETED_DEVICE_FAMILY = 1;
			};
			name = Release;
		};
/* End XCBuildConfiguration section */

/* Begin XCConfigurationList section */
		29FCBE90244267040062253F /* Build configuration list for PBXNativeTarget "SBKit" */ = {
			isa = XCConfigurationList;
			buildConfigurations = (
				29FCBE8E244267040062253F /* Debug */,
				29FCBE8F244267040062253F /* Release */,
			);
			defaultConfigurationIsVisible = 0;
			defaultConfigurationName = Release;
		};
		29FCBEB0244275130062253F /* Build configuration list for PBXNativeTarget "SBWidget" */ = {
			isa = XCConfigurationList;
			buildConfigurations = (
				29FCBEB1244275130062253F /* Debug */,
				29FCBEB2244275130062253F /* Release */,
			);
			defaultConfigurationIsVisible = 0;
			defaultConfigurationName = Release;
		};
		FC1C8D5B245C286100B73597 /* Build configuration list for PBXNativeTarget "SBShare" */ = {
			isa = XCConfigurationList;
			buildConfigurations = (
				FC1C8D59245C286100B73597 /* Debug */,
				FC1C8D5A245C286100B73597 /* Release */,
			);
			defaultConfigurationIsVisible = 0;
			defaultConfigurationName = Release;
		};
		FC736A3A241189EB00D6966B /* Build configuration list for PBXProject "SoundsBoard" */ = {
			isa = XCConfigurationList;
			buildConfigurations = (
				FC736A54241189ED00D6966B /* Debug */,
				FC736A55241189ED00D6966B /* Release */,
			);
			defaultConfigurationIsVisible = 0;
			defaultConfigurationName = Release;
		};
		FC736A56241189ED00D6966B /* Build configuration list for PBXNativeTarget "SoundsBoard" */ = {
			isa = XCConfigurationList;
			buildConfigurations = (
				FC736A57241189ED00D6966B /* Debug */,
				FC736A58241189ED00D6966B /* Release */,
			);
			defaultConfigurationIsVisible = 0;
			defaultConfigurationName = Release;
		};
/* End XCConfigurationList section */

/* Begin XCVersionGroup section */
		FC736A4B241189EB00D6966B /* SoundsBoard.xcdatamodeld */ = {
			isa = XCVersionGroup;
			children = (
				FC736A4C241189EB00D6966B /* SoundsBoard.xcdatamodel */,
			);
			currentVersion = FC736A4C241189EB00D6966B /* SoundsBoard.xcdatamodel */;
			path = SoundsBoard.xcdatamodeld;
			sourceTree = "<group>";
			versionGroupType = wrapper.xcdatamodel;
		};
/* End XCVersionGroup section */
	};
	rootObject = FC736A37241189EB00D6966B /* Project object */;
}
