// !$*UTF8*$!
{
	archiveVersion = 1;
	classes = {
	};
	objectVersion = 51;
	objects = {

/* Begin PBXBuildFile section */
		29272D39242EC06F0023C703 /* AlertsManager.swift in Sources */ = {isa = PBXBuildFile; fileRef = 29272D38242EC06F0023C703 /* AlertsManager.swift */; };
		294A805F24281D51007BE86A /* FavoriteControllers.swift in Sources */ = {isa = PBXBuildFile; fileRef = 294A805E24281D51007BE86A /* FavoriteControllers.swift */; };
		294A80622428206E007BE86A /* FavoriteCellView.swift in Sources */ = {isa = PBXBuildFile; fileRef = 294A80612428206E007BE86A /* FavoriteCellView.swift */; };
		2975A379242AAE1E00F5FE4F /* AllSoundsController.swift in Sources */ = {isa = PBXBuildFile; fileRef = 2975A378242AAE1E00F5FE4F /* AllSoundsController.swift */; };
		2975A37B242AAF2A00F5FE4F /* SoundCellView.swift in Sources */ = {isa = PBXBuildFile; fileRef = 2975A37A242AAF2A00F5FE4F /* SoundCellView.swift */; };
		29787C84242FEA4B0058865A /* AudioPlayer.swift in Sources */ = {isa = PBXBuildFile; fileRef = 29787C83242FEA4B0058865A /* AudioPlayer.swift */; };
		FC362FA024183F6D007E43E4 /* LongPressRecordButton.swift in Sources */ = {isa = PBXBuildFile; fileRef = FC362F9F24183F6D007E43E4 /* LongPressRecordButton.swift */; };
		FC362FA22418F103007E43E4 /* cat.wav in Resources */ = {isa = PBXBuildFile; fileRef = FC362FA12418F102007E43E4 /* cat.wav */; };
		FC362FA524193D8D007E43E4 /* SoundsFilesManger.swift in Sources */ = {isa = PBXBuildFile; fileRef = FC362FA424193D8D007E43E4 /* SoundsFilesManger.swift */; };
		FC362FC3241D64BA007E43E4 /* Pods_SoundsBoard.framework in Frameworks */ = {isa = PBXBuildFile; fileRef = F93A84CC7636966B24F20C14 /* Pods_SoundsBoard.framework */; };
		FC362FC4241D64BA007E43E4 /* Pods_SoundsBoard.framework in Embed Frameworks */ = {isa = PBXBuildFile; fileRef = F93A84CC7636966B24F20C14 /* Pods_SoundsBoard.framework */; settings = {ATTRIBUTES = (CodeSignOnCopy, RemoveHeadersOnCopy, ); }; };
		FC736A43241189EB00D6966B /* AppDelegate.swift in Sources */ = {isa = PBXBuildFile; fileRef = FC736A42241189EB00D6966B /* AppDelegate.swift */; };
		FC736A45241189EB00D6966B /* SceneDelegate.swift in Sources */ = {isa = PBXBuildFile; fileRef = FC736A44241189EB00D6966B /* SceneDelegate.swift */; };
		FC736A47241189EB00D6966B /* HomeController.swift in Sources */ = {isa = PBXBuildFile; fileRef = FC736A46241189EB00D6966B /* HomeController.swift */; };
		FC736A4A241189EB00D6966B /* Main.storyboard in Resources */ = {isa = PBXBuildFile; fileRef = FC736A48241189EB00D6966B /* Main.storyboard */; };
		FC736A4D241189EB00D6966B /* SoundsBoard.xcdatamodeld in Sources */ = {isa = PBXBuildFile; fileRef = FC736A4B241189EB00D6966B /* SoundsBoard.xcdatamodeld */; };
		FC736A4F241189ED00D6966B /* Assets.xcassets in Resources */ = {isa = PBXBuildFile; fileRef = FC736A4E241189ED00D6966B /* Assets.xcassets */; };
		FC736A52241189ED00D6966B /* LaunchScreen.storyboard in Resources */ = {isa = PBXBuildFile; fileRef = FC736A50241189ED00D6966B /* LaunchScreen.storyboard */; };
		FC736A6224145FE000D6966B /* AddSoundController.swift in Sources */ = {isa = PBXBuildFile; fileRef = FC736A6124145FE000D6966B /* AddSoundController.swift */; };
		FCC59E1624216F9800B38213 /* AudioRecorderController.swift in Sources */ = {isa = PBXBuildFile; fileRef = FCC59E1524216F9800B38213 /* AudioRecorderController.swift */; };
/* End PBXBuildFile section */

/* Begin PBXCopyFilesBuildPhase section */
		FC362FBD241D5A4B007E43E4 /* Embed App Extensions */ = {
			isa = PBXCopyFilesBuildPhase;
			buildActionMask = 2147483647;
			dstPath = "";
			dstSubfolderSpec = 13;
			files = (
			);
			name = "Embed App Extensions";
			runOnlyForDeploymentPostprocessing = 0;
		};
		FC362FC5241D64BA007E43E4 /* Embed Frameworks */ = {
			isa = PBXCopyFilesBuildPhase;
			buildActionMask = 2147483647;
			dstPath = "";
			dstSubfolderSpec = 10;
			files = (
				FC362FC4241D64BA007E43E4 /* Pods_SoundsBoard.framework in Embed Frameworks */,
			);
			name = "Embed Frameworks";
			runOnlyForDeploymentPostprocessing = 0;
		};
/* End PBXCopyFilesBuildPhase section */

/* Begin PBXFileReference section */
		29272D38242EC06F0023C703 /* AlertsManager.swift */ = {isa = PBXFileReference; lastKnownFileType = sourcecode.swift; path = AlertsManager.swift; sourceTree = "<group>"; };
		294A805E24281D51007BE86A /* FavoriteControllers.swift */ = {isa = PBXFileReference; lastKnownFileType = sourcecode.swift; path = FavoriteControllers.swift; sourceTree = "<group>"; };
		294A80612428206E007BE86A /* FavoriteCellView.swift */ = {isa = PBXFileReference; lastKnownFileType = sourcecode.swift; path = FavoriteCellView.swift; sourceTree = "<group>"; };
		2975A378242AAE1E00F5FE4F /* AllSoundsController.swift */ = {isa = PBXFileReference; lastKnownFileType = sourcecode.swift; path = AllSoundsController.swift; sourceTree = "<group>"; };
		2975A37A242AAF2A00F5FE4F /* SoundCellView.swift */ = {isa = PBXFileReference; lastKnownFileType = sourcecode.swift; path = SoundCellView.swift; sourceTree = "<group>"; };
		29787C83242FEA4B0058865A /* AudioPlayer.swift */ = {isa = PBXFileReference; lastKnownFileType = sourcecode.swift; path = AudioPlayer.swift; sourceTree = "<group>"; };
		A8987BD69F325177FE0A53C8 /* Pods-SoundsBoard.release.xcconfig */ = {isa = PBXFileReference; includeInIndex = 1; lastKnownFileType = text.xcconfig; name = "Pods-SoundsBoard.release.xcconfig"; path = "Target Support Files/Pods-SoundsBoard/Pods-SoundsBoard.release.xcconfig"; sourceTree = "<group>"; };
		B586485B1E100EF6651BB447 /* Pods-SoundsBoard.debug.xcconfig */ = {isa = PBXFileReference; includeInIndex = 1; lastKnownFileType = text.xcconfig; name = "Pods-SoundsBoard.debug.xcconfig"; path = "Target Support Files/Pods-SoundsBoard/Pods-SoundsBoard.debug.xcconfig"; sourceTree = "<group>"; };
		F93A84CC7636966B24F20C14 /* Pods_SoundsBoard.framework */ = {isa = PBXFileReference; explicitFileType = wrapper.framework; includeInIndex = 0; path = Pods_SoundsBoard.framework; sourceTree = BUILT_PRODUCTS_DIR; };
		FC362F9F24183F6D007E43E4 /* LongPressRecordButton.swift */ = {isa = PBXFileReference; fileEncoding = 4; lastKnownFileType = sourcecode.swift; path = LongPressRecordButton.swift; sourceTree = "<group>"; };
		FC362FA12418F102007E43E4 /* cat.wav */ = {isa = PBXFileReference; lastKnownFileType = audio.wav; path = cat.wav; sourceTree = "<group>"; };
		FC362FA424193D8D007E43E4 /* SoundsFilesManger.swift */ = {isa = PBXFileReference; lastKnownFileType = sourcecode.swift; path = SoundsFilesManger.swift; sourceTree = "<group>"; };
		FC362FC8241D6CFC007E43E4 /* SoundsBoard.entitlements */ = {isa = PBXFileReference; fileEncoding = 4; lastKnownFileType = text.plist.entitlements; path = SoundsBoard.entitlements; sourceTree = "<group>"; };
		FC736A3F241189EB00D6966B /* SoundsBoard.app */ = {isa = PBXFileReference; explicitFileType = wrapper.application; includeInIndex = 0; path = SoundsBoard.app; sourceTree = BUILT_PRODUCTS_DIR; };
		FC736A42241189EB00D6966B /* AppDelegate.swift */ = {isa = PBXFileReference; lastKnownFileType = sourcecode.swift; path = AppDelegate.swift; sourceTree = "<group>"; };
		FC736A44241189EB00D6966B /* SceneDelegate.swift */ = {isa = PBXFileReference; lastKnownFileType = sourcecode.swift; path = SceneDelegate.swift; sourceTree = "<group>"; };
		FC736A46241189EB00D6966B /* HomeController.swift */ = {isa = PBXFileReference; lastKnownFileType = sourcecode.swift; path = HomeController.swift; sourceTree = "<group>"; };
		FC736A49241189EB00D6966B /* Base */ = {isa = PBXFileReference; lastKnownFileType = file.storyboard; name = Base; path = Base.lproj/Main.storyboard; sourceTree = "<group>"; };
		FC736A4C241189EB00D6966B /* SoundsBoard.xcdatamodel */ = {isa = PBXFileReference; lastKnownFileType = wrapper.xcdatamodel; path = SoundsBoard.xcdatamodel; sourceTree = "<group>"; };
		FC736A4E241189ED00D6966B /* Assets.xcassets */ = {isa = PBXFileReference; lastKnownFileType = folder.assetcatalog; path = Assets.xcassets; sourceTree = "<group>"; };
		FC736A51241189ED00D6966B /* Base */ = {isa = PBXFileReference; lastKnownFileType = file.storyboard; name = Base; path = Base.lproj/LaunchScreen.storyboard; sourceTree = "<group>"; };
		FC736A53241189ED00D6966B /* Info.plist */ = {isa = PBXFileReference; lastKnownFileType = text.plist.xml; path = Info.plist; sourceTree = "<group>"; };
		FC736A6124145FE000D6966B /* AddSoundController.swift */ = {isa = PBXFileReference; lastKnownFileType = sourcecode.swift; path = AddSoundController.swift; sourceTree = "<group>"; };
		FCC59E1524216F9800B38213 /* AudioRecorderController.swift */ = {isa = PBXFileReference; lastKnownFileType = sourcecode.swift; path = AudioRecorderController.swift; sourceTree = "<group>"; };
/* End PBXFileReference section */

/* Begin PBXFrameworksBuildPhase section */
		FC736A3C241189EB00D6966B /* Frameworks */ = {
			isa = PBXFrameworksBuildPhase;
			buildActionMask = 2147483647;
			files = (
				FC362FC3241D64BA007E43E4 /* Pods_SoundsBoard.framework in Frameworks */,
			);
			runOnlyForDeploymentPostprocessing = 0;
		};
/* End PBXFrameworksBuildPhase section */

/* Begin PBXGroup section */
		294A806024282055007BE86A /* views */ = {
			isa = PBXGroup;
			children = (
				294A80612428206E007BE86A /* FavoriteCellView.swift */,
				2975A37A242AAF2A00F5FE4F /* SoundCellView.swift */,
			);
			path = views;
			sourceTree = "<group>";
		};
		4A0CE9DC72527AAEABEBA588 /* Frameworks */ = {
			isa = PBXGroup;
			children = (
				F93A84CC7636966B24F20C14 /* Pods_SoundsBoard.framework */,
			);
			name = Frameworks;
			sourceTree = "<group>";
		};
		DACDE840125A51533FD1CBEA /* Pods */ = {
			isa = PBXGroup;
			children = (
				B586485B1E100EF6651BB447 /* Pods-SoundsBoard.debug.xcconfig */,
				A8987BD69F325177FE0A53C8 /* Pods-SoundsBoard.release.xcconfig */,
			);
			path = Pods;
			sourceTree = "<group>";
		};
		FC362F9E24183F37007E43E4 /* custom-views */ = {
			isa = PBXGroup;
			children = (
				FC362F9F24183F6D007E43E4 /* LongPressRecordButton.swift */,
			);
			path = "custom-views";
			sourceTree = "<group>";
		};
		FC362FA324193D5C007E43E4 /* utilities */ = {
			isa = PBXGroup;
			children = (
				FC362FA424193D8D007E43E4 /* SoundsFilesManger.swift */,
				29272D38242EC06F0023C703 /* AlertsManager.swift */,
				29787C83242FEA4B0058865A /* AudioPlayer.swift */,
			);
			path = utilities;
			sourceTree = "<group>";
		};
		FC736A36241189EB00D6966B = {
			isa = PBXGroup;
			children = (
				FC736A41241189EB00D6966B /* SoundsBoard */,
				FC736A40241189EB00D6966B /* Products */,
				DACDE840125A51533FD1CBEA /* Pods */,
				4A0CE9DC72527AAEABEBA588 /* Frameworks */,
			);
			sourceTree = "<group>";
		};
		FC736A40241189EB00D6966B /* Products */ = {
			isa = PBXGroup;
			children = (
				FC736A3F241189EB00D6966B /* SoundsBoard.app */,
			);
			name = Products;
			sourceTree = "<group>";
		};
		FC736A41241189EB00D6966B /* SoundsBoard */ = {
			isa = PBXGroup;
			children = (
				294A806024282055007BE86A /* views */,
				FC362FC8241D6CFC007E43E4 /* SoundsBoard.entitlements */,
				FC362FA324193D5C007E43E4 /* utilities */,
				FC362F9E24183F37007E43E4 /* custom-views */,
				FC736A6024145B7A00D6966B /* model */,
				FC736A5F24145B6C00D6966B /* assets */,
				FC736A5E24145AD200D6966B /* storyboards */,
				FC736A5D24145ABC00D6966B /* controllers */,
				FC736A5C24145AA100D6966B /* app-delegats */,
			);
			path = SoundsBoard;
			sourceTree = "<group>";
		};
		FC736A5C24145AA100D6966B /* app-delegats */ = {
			isa = PBXGroup;
			children = (
				FC736A44241189EB00D6966B /* SceneDelegate.swift */,
				FC736A42241189EB00D6966B /* AppDelegate.swift */,
			);
			path = "app-delegats";
			sourceTree = "<group>";
		};
		FC736A5D24145ABC00D6966B /* controllers */ = {
			isa = PBXGroup;
			children = (
				FC736A46241189EB00D6966B /* HomeController.swift */,
				FC736A6124145FE000D6966B /* AddSoundController.swift */,
				FCC59E1524216F9800B38213 /* AudioRecorderController.swift */,
				294A805E24281D51007BE86A /* FavoriteControllers.swift */,
				2975A378242AAE1E00F5FE4F /* AllSoundsController.swift */,
			);
			path = controllers;
			sourceTree = "<group>";
		};
		FC736A5E24145AD200D6966B /* storyboards */ = {
			isa = PBXGroup;
			children = (
				FC736A48241189EB00D6966B /* Main.storyboard */,
				FC736A50241189ED00D6966B /* LaunchScreen.storyboard */,
			);
			path = storyboards;
			sourceTree = "<group>";
		};
		FC736A5F24145B6C00D6966B /* assets */ = {
			isa = PBXGroup;
			children = (
				FC362FA12418F102007E43E4 /* cat.wav */,
				FC736A4E241189ED00D6966B /* Assets.xcassets */,
				FC736A53241189ED00D6966B /* Info.plist */,
			);
			path = assets;
			sourceTree = "<group>";
		};
		FC736A6024145B7A00D6966B /* model */ = {
			isa = PBXGroup;
			children = (
				FC736A4B241189EB00D6966B /* SoundsBoard.xcdatamodeld */,
			);
			path = model;
			sourceTree = "<group>";
		};
/* End PBXGroup section */

/* Begin PBXNativeTarget section */
		FC736A3E241189EB00D6966B /* SoundsBoard */ = {
			isa = PBXNativeTarget;
			buildConfigurationList = FC736A56241189ED00D6966B /* Build configuration list for PBXNativeTarget "SoundsBoard" */;
			buildPhases = (
				3F47B89D94609A8F17FD6383 /* [CP] Check Pods Manifest.lock */,
				FC736A3B241189EB00D6966B /* Sources */,
				FC736A3C241189EB00D6966B /* Frameworks */,
				FC736A3D241189EB00D6966B /* Resources */,
				90FCBD210254EAF01AB46487 /* [CP] Embed Pods Frameworks */,
				FC362FBD241D5A4B007E43E4 /* Embed App Extensions */,
				FC362FC5241D64BA007E43E4 /* Embed Frameworks */,
			);
			buildRules = (
			);
			dependencies = (
			);
			name = SoundsBoard;
			productName = SoundsBoard;
			productReference = FC736A3F241189EB00D6966B /* SoundsBoard.app */;
			productType = "com.apple.product-type.application";
		};
/* End PBXNativeTarget section */

/* Begin PBXProject section */
		FC736A37241189EB00D6966B /* Project object */ = {
			isa = PBXProject;
			attributes = {
				LastSwiftUpdateCheck = 1120;
				LastUpgradeCheck = 1120;
				ORGANIZATIONNAME = "Mohammed Ghannm";
				TargetAttributes = {
					FC736A3E241189EB00D6966B = {
						CreatedOnToolsVersion = 11.2.1;
						LastSwiftMigration = 1130;
					};
				};
			};
			buildConfigurationList = FC736A3A241189EB00D6966B /* Build configuration list for PBXProject "SoundsBoard" */;
			compatibilityVersion = "Xcode 9.3";
			developmentRegion = en;
			hasScannedForEncodings = 0;
			knownRegions = (
				en,
				Base,
			);
			mainGroup = FC736A36241189EB00D6966B;
			productRefGroup = FC736A40241189EB00D6966B /* Products */;
			projectDirPath = "";
			projectRoot = "";
			targets = (
				FC736A3E241189EB00D6966B /* SoundsBoard */,
			);
		};
/* End PBXProject section */

/* Begin PBXResourcesBuildPhase section */
		FC736A3D241189EB00D6966B /* Resources */ = {
			isa = PBXResourcesBuildPhase;
			buildActionMask = 2147483647;
			files = (
				FC736A52241189ED00D6966B /* LaunchScreen.storyboard in Resources */,
				FC736A4F241189ED00D6966B /* Assets.xcassets in Resources */,
				FC736A4A241189EB00D6966B /* Main.storyboard in Resources */,
				FC362FA22418F103007E43E4 /* cat.wav in Resources */,
			);
			runOnlyForDeploymentPostprocessing = 0;
		};
/* End PBXResourcesBuildPhase section */

/* Begin PBXShellScriptBuildPhase section */
		3F47B89D94609A8F17FD6383 /* [CP] Check Pods Manifest.lock */ = {
			isa = PBXShellScriptBuildPhase;
			buildActionMask = 2147483647;
			files = (
			);
			inputFileListPaths = (
			);
			inputPaths = (
				"${PODS_PODFILE_DIR_PATH}/Podfile.lock",
				"${PODS_ROOT}/Manifest.lock",
			);
			name = "[CP] Check Pods Manifest.lock";
			outputFileListPaths = (
			);
			outputPaths = (
				"$(DERIVED_FILE_DIR)/Pods-SoundsBoard-checkManifestLockResult.txt",
			);
			runOnlyForDeploymentPostprocessing = 0;
			shellPath = /bin/sh;
			shellScript = "diff \"${PODS_PODFILE_DIR_PATH}/Podfile.lock\" \"${PODS_ROOT}/Manifest.lock\" > /dev/null\nif [ $? != 0 ] ; then\n    # print error to STDERR\n    echo \"error: The sandbox is not in sync with the Podfile.lock. Run 'pod install' or update your CocoaPods installation.\" >&2\n    exit 1\nfi\n# This output is used by Xcode 'outputs' to avoid re-running this script phase.\necho \"SUCCESS\" > \"${SCRIPT_OUTPUT_FILE_0}\"\n";
			showEnvVarsInLog = 0;
		};
		90FCBD210254EAF01AB46487 /* [CP] Embed Pods Frameworks */ = {
			isa = PBXShellScriptBuildPhase;
			buildActionMask = 2147483647;
			files = (
			);
			inputFileListPaths = (
				"${PODS_ROOT}/Target Support Files/Pods-SoundsBoard/Pods-SoundsBoard-frameworks-${CONFIGURATION}-input-files.xcfilelist",
			);
			name = "[CP] Embed Pods Frameworks";
			outputFileListPaths = (
				"${PODS_ROOT}/Target Support Files/Pods-SoundsBoard/Pods-SoundsBoard-frameworks-${CONFIGURATION}-output-files.xcfilelist",
			);
			runOnlyForDeploymentPostprocessing = 0;
			shellPath = /bin/sh;
			shellScript = "\"${PODS_ROOT}/Target Support Files/Pods-SoundsBoard/Pods-SoundsBoard-frameworks.sh\"\n";
			showEnvVarsInLog = 0;
		};
/* End PBXShellScriptBuildPhase section */

/* Begin PBXSourcesBuildPhase section */
		FC736A3B241189EB00D6966B /* Sources */ = {
			isa = PBXSourcesBuildPhase;
			buildActionMask = 2147483647;
			files = (
				FC362FA524193D8D007E43E4 /* SoundsFilesManger.swift in Sources */,
				2975A379242AAE1E00F5FE4F /* AllSoundsController.swift in Sources */,
				2975A37B242AAF2A00F5FE4F /* SoundCellView.swift in Sources */,
				FC736A4D241189EB00D6966B /* SoundsBoard.xcdatamodeld in Sources */,
				29787C84242FEA4B0058865A /* AudioPlayer.swift in Sources */,
				FC736A47241189EB00D6966B /* HomeController.swift in Sources */,
				FC736A43241189EB00D6966B /* AppDelegate.swift in Sources */,
				FC736A45241189EB00D6966B /* SceneDelegate.swift in Sources */,
				FC736A6224145FE000D6966B /* AddSoundController.swift in Sources */,
				294A805F24281D51007BE86A /* FavoriteControllers.swift in Sources */,
				FC362FA024183F6D007E43E4 /* LongPressRecordButton.swift in Sources */,
				294A80622428206E007BE86A /* FavoriteCellView.swift in Sources */,
				FCC59E1624216F9800B38213 /* AudioRecorderController.swift in Sources */,
				29272D39242EC06F0023C703 /* AlertsManager.swift in Sources */,
			);
			runOnlyForDeploymentPostprocessing = 0;
		};
/* End PBXSourcesBuildPhase section */

/* Begin PBXVariantGroup section */
		FC736A48241189EB00D6966B /* Main.storyboard */ = {
			isa = PBXVariantGroup;
			children = (
				FC736A49241189EB00D6966B /* Base */,
			);
			name = Main.storyboard;
			sourceTree = "<group>";
		};
		FC736A50241189ED00D6966B /* LaunchScreen.storyboard */ = {
			isa = PBXVariantGroup;
			children = (
				FC736A51241189ED00D6966B /* Base */,
			);
			name = LaunchScreen.storyboard;
			sourceTree = "<group>";
		};
/* End PBXVariantGroup section */

/* Begin XCBuildConfiguration section */
		FC736A54241189ED00D6966B /* Debug */ = {
			isa = XCBuildConfiguration;
			buildSettings = {
				ALWAYS_SEARCH_USER_PATHS = NO;
				CLANG_ANALYZER_NONNULL = YES;
				CLANG_ANALYZER_NUMBER_OBJECT_CONVERSION = YES_AGGRESSIVE;
				CLANG_CXX_LANGUAGE_STANDARD = "gnu++14";
				CLANG_CXX_LIBRARY = "libc++";
				CLANG_ENABLE_MODULES = YES;
				CLANG_ENABLE_OBJC_ARC = YES;
				CLANG_ENABLE_OBJC_WEAK = YES;
				CLANG_WARN_BLOCK_CAPTURE_AUTORELEASING = YES;
				CLANG_WARN_BOOL_CONVERSION = YES;
				CLANG_WARN_COMMA = YES;
				CLANG_WARN_CONSTANT_CONVERSION = YES;
				CLANG_WARN_DEPRECATED_OBJC_IMPLEMENTATIONS = YES;
				CLANG_WARN_DIRECT_OBJC_ISA_USAGE = YES_ERROR;
				CLANG_WARN_DOCUMENTATION_COMMENTS = YES;
				CLANG_WARN_EMPTY_BODY = YES;
				CLANG_WARN_ENUM_CONVERSION = YES;
				CLANG_WARN_INFINITE_RECURSION = YES;
				CLANG_WARN_INT_CONVERSION = YES;
				CLANG_WARN_NON_LITERAL_NULL_CONVERSION = YES;
				CLANG_WARN_OBJC_IMPLICIT_RETAIN_SELF = YES;
				CLANG_WARN_OBJC_LITERAL_CONVERSION = YES;
				CLANG_WARN_OBJC_ROOT_CLASS = YES_ERROR;
				CLANG_WARN_RANGE_LOOP_ANALYSIS = YES;
				CLANG_WARN_STRICT_PROTOTYPES = YES;
				CLANG_WARN_SUSPICIOUS_MOVE = YES;
				CLANG_WARN_UNGUARDED_AVAILABILITY = YES_AGGRESSIVE;
				CLANG_WARN_UNREACHABLE_CODE = YES;
				CLANG_WARN__DUPLICATE_METHOD_MATCH = YES;
				COPY_PHASE_STRIP = NO;
				DEBUG_INFORMATION_FORMAT = dwarf;
				ENABLE_STRICT_OBJC_MSGSEND = YES;
				ENABLE_TESTABILITY = YES;
				GCC_C_LANGUAGE_STANDARD = gnu11;
				GCC_DYNAMIC_NO_PIC = NO;
				GCC_NO_COMMON_BLOCKS = YES;
				GCC_OPTIMIZATION_LEVEL = 0;
				GCC_PREPROCESSOR_DEFINITIONS = (
					"DEBUG=1",
					"$(inherited)",
				);
				GCC_WARN_64_TO_32_BIT_CONVERSION = YES;
				GCC_WARN_ABOUT_RETURN_TYPE = YES_ERROR;
				GCC_WARN_UNDECLARED_SELECTOR = YES;
				GCC_WARN_UNINITIALIZED_AUTOS = YES_AGGRESSIVE;
				GCC_WARN_UNUSED_FUNCTION = YES;
				GCC_WARN_UNUSED_VARIABLE = YES;
				IPHONEOS_DEPLOYMENT_TARGET = 13.2;
				MTL_ENABLE_DEBUG_INFO = INCLUDE_SOURCE;
				MTL_FAST_MATH = YES;
				ONLY_ACTIVE_ARCH = YES;
				SDKROOT = iphoneos;
				SWIFT_ACTIVE_COMPILATION_CONDITIONS = DEBUG;
				SWIFT_OPTIMIZATION_LEVEL = "-Onone";
			};
			name = Debug;
		};
		FC736A55241189ED00D6966B /* Release */ = {
			isa = XCBuildConfiguration;
			buildSettings = {
				ALWAYS_SEARCH_USER_PATHS = NO;
				CLANG_ANALYZER_NONNULL = YES;
				CLANG_ANALYZER_NUMBER_OBJECT_CONVERSION = YES_AGGRESSIVE;
				CLANG_CXX_LANGUAGE_STANDARD = "gnu++14";
				CLANG_CXX_LIBRARY = "libc++";
				CLANG_ENABLE_MODULES = YES;
				CLANG_ENABLE_OBJC_ARC = YES;
				CLANG_ENABLE_OBJC_WEAK = YES;
				CLANG_WARN_BLOCK_CAPTURE_AUTORELEASING = YES;
				CLANG_WARN_BOOL_CONVERSION = YES;
				CLANG_WARN_COMMA = YES;
				CLANG_WARN_CONSTANT_CONVERSION = YES;
				CLANG_WARN_DEPRECATED_OBJC_IMPLEMENTATIONS = YES;
				CLANG_WARN_DIRECT_OBJC_ISA_USAGE = YES_ERROR;
				CLANG_WARN_DOCUMENTATION_COMMENTS = YES;
				CLANG_WARN_EMPTY_BODY = YES;
				CLANG_WARN_ENUM_CONVERSION = YES;
				CLANG_WARN_INFINITE_RECURSION = YES;
				CLANG_WARN_INT_CONVERSION = YES;
				CLANG_WARN_NON_LITERAL_NULL_CONVERSION = YES;
				CLANG_WARN_OBJC_IMPLICIT_RETAIN_SELF = YES;
				CLANG_WARN_OBJC_LITERAL_CONVERSION = YES;
				CLANG_WARN_OBJC_ROOT_CLASS = YES_ERROR;
				CLANG_WARN_RANGE_LOOP_ANALYSIS = YES;
				CLANG_WARN_STRICT_PROTOTYPES = YES;
				CLANG_WARN_SUSPICIOUS_MOVE = YES;
				CLANG_WARN_UNGUARDED_AVAILABILITY = YES_AGGRESSIVE;
				CLANG_WARN_UNREACHABLE_CODE = YES;
				CLANG_WARN__DUPLICATE_METHOD_MATCH = YES;
				COPY_PHASE_STRIP = NO;
				DEBUG_INFORMATION_FORMAT = "dwarf-with-dsym";
				ENABLE_NS_ASSERTIONS = NO;
				ENABLE_STRICT_OBJC_MSGSEND = YES;
				GCC_C_LANGUAGE_STANDARD = gnu11;
				GCC_NO_COMMON_BLOCKS = YES;
				GCC_WARN_64_TO_32_BIT_CONVERSION = YES;
				GCC_WARN_ABOUT_RETURN_TYPE = YES_ERROR;
				GCC_WARN_UNDECLARED_SELECTOR = YES;
				GCC_WARN_UNINITIALIZED_AUTOS = YES_AGGRESSIVE;
				GCC_WARN_UNUSED_FUNCTION = YES;
				GCC_WARN_UNUSED_VARIABLE = YES;
				IPHONEOS_DEPLOYMENT_TARGET = 13.2;
				MTL_ENABLE_DEBUG_INFO = NO;
				MTL_FAST_MATH = YES;
				SDKROOT = iphoneos;
				SWIFT_COMPILATION_MODE = wholemodule;
				SWIFT_OPTIMIZATION_LEVEL = "-O";
				VALIDATE_PRODUCT = YES;
			};
			name = Release;
		};
		FC736A57241189ED00D6966B /* Debug */ = {
			isa = XCBuildConfiguration;
			baseConfigurationReference = B586485B1E100EF6651BB447 /* Pods-SoundsBoard.debug.xcconfig */;
			buildSettings = {
				ALWAYS_EMBED_SWIFT_STANDARD_LIBRARIES = YES;
				ASSETCATALOG_COMPILER_APPICON_NAME = AppIcon;
				CODE_SIGN_ENTITLEMENTS = SoundsBoard/SoundsBoard.entitlements;
				CODE_SIGN_IDENTITY = "Apple Development";
				CODE_SIGN_STYLE = Automatic;
				DEVELOPMENT_TEAM = 7D6V6TM4RZ;
				INFOPLIST_FILE = SoundsBoard/assets/Info.plist;
				IPHONEOS_DEPLOYMENT_TARGET = 12.4;
				LD_RUNPATH_SEARCH_PATHS = (
					"$(inherited)",
					"@executable_path/Frameworks",
				);
				PRODUCT_BUNDLE_IDENTIFIER = com.example.SoundsBoard;
				PRODUCT_NAME = "$(TARGET_NAME)";
				PROVISIONING_PROFILE_SPECIFIER = "";
				SWIFT_VERSION = 4.2;
				TARGETED_DEVICE_FAMILY = 1;
			};
			name = Debug;
		};
		FC736A58241189ED00D6966B /* Release */ = {
			isa = XCBuildConfiguration;
			baseConfigurationReference = A8987BD69F325177FE0A53C8 /* Pods-SoundsBoard.release.xcconfig */;
			buildSettings = {
				ALWAYS_EMBED_SWIFT_STANDARD_LIBRARIES = YES;
				ASSETCATALOG_COMPILER_APPICON_NAME = AppIcon;
				CODE_SIGN_ENTITLEMENTS = SoundsBoard/SoundsBoard.entitlements;
				CODE_SIGN_IDENTITY = "Apple Development";
				CODE_SIGN_STYLE = Automatic;
				DEVELOPMENT_TEAM = 7D6V6TM4RZ;
				INFOPLIST_FILE = SoundsBoard/assets/Info.plist;
				IPHONEOS_DEPLOYMENT_TARGET = 12.4;
				LD_RUNPATH_SEARCH_PATHS = (
					"$(inherited)",
					"@executable_path/Frameworks",
				);
				PRODUCT_BUNDLE_IDENTIFIER = com.example.SoundsBoard;
				PRODUCT_NAME = "$(TARGET_NAME)";
				PROVISIONING_PROFILE_SPECIFIER = "";
				SWIFT_VERSION = 4.2;
				TARGETED_DEVICE_FAMILY = 1;
			};
			name = Release;
		};
/* End XCBuildConfiguration section */

/* Begin XCConfigurationList section */
		FC736A3A241189EB00D6966B /* Build configuration list for PBXProject "SoundsBoard" */ = {
			isa = XCConfigurationList;
			buildConfigurations = (
				FC736A54241189ED00D6966B /* Debug */,
				FC736A55241189ED00D6966B /* Release */,
			);
			defaultConfigurationIsVisible = 0;
			defaultConfigurationName = Release;
		};
		FC736A56241189ED00D6966B /* Build configuration list for PBXNativeTarget "SoundsBoard" */ = {
			isa = XCConfigurationList;
			buildConfigurations = (
				FC736A57241189ED00D6966B /* Debug */,
				FC736A58241189ED00D6966B /* Release */,
			);
			defaultConfigurationIsVisible = 0;
			defaultConfigurationName = Release;
		};
/* End XCConfigurationList section */

/* Begin XCVersionGroup section */
		FC736A4B241189EB00D6966B /* SoundsBoard.xcdatamodeld */ = {
			isa = XCVersionGroup;
			children = (
				FC736A4C241189EB00D6966B /* SoundsBoard.xcdatamodel */,
			);
			currentVersion = FC736A4C241189EB00D6966B /* SoundsBoard.xcdatamodel */;
			path = SoundsBoard.xcdatamodeld;
			sourceTree = "<group>";
			versionGroupType = wrapper.xcdatamodel;
		};
/* End XCVersionGroup section */
	};
	rootObject = FC736A37241189EB00D6966B /* Project object */;
}
